PODS:
  - SnapKit (5.0.1)
  - SwiftLint (0.44.0)

DEPENDENCIES:
  - SnapKit (~> 5.0.0)
  - SwiftLint

SPEC REPOS:
  trunk:
    - SnapKit
    - SwiftLint

SPEC CHECKSUMS:
  SnapKit: 97b92857e3df3a0c71833cce143274bf6ef8e5eb
  SwiftLint: e96c0a8c770c7ebbc4d36c55baf9096bb65c4584

PODFILE CHECKSUM: b1802dfeb7d3df15afc5aef1dc2e9a0c66007c91

COCOAPODS: 1.10.1
