// !$*UTF8*$!
{
	archiveVersion = 1;
	classes = {
	};
	objectVersion = 51;
	objects = {

/* Begin PBXBuildFile section */
		7242950790D82BFDCBFF91E1 /* Pods_YouTubeMusic_iOS.framework in Frameworks */ = {isa = PBXBuildFile; fileRef = 9DA66FEFF76393948C503BD2 /* Pods_YouTubeMusic_iOS.framework */; };
		92D9E5DD26EFCBFC0080EB98 /* AppDelegate.swift in Sources */ = {isa = PBXBuildFile; fileRef = 92D9E5DC26EFCBFC0080EB98 /* AppDelegate.swift */; };
		92D9E5DF26EFCBFC0080EB98 /* SceneDelegate.swift in Sources */ = {isa = PBXBuildFile; fileRef = 92D9E5DE26EFCBFC0080EB98 /* SceneDelegate.swift */; };
		92D9E5E126EFCBFC0080EB98 /* HomeVC.swift in Sources */ = {isa = PBXBuildFile; fileRef = 92D9E5E026EFCBFC0080EB98 /* HomeVC.swift */; };
		92D9E5E626EFCBFD0080EB98 /* Assets.xcassets in Resources */ = {isa = PBXBuildFile; fileRef = 92D9E5E526EFCBFD0080EB98 /* Assets.xcassets */; };
		92D9E5E926EFCBFD0080EB98 /* LaunchScreen.storyboard in Resources */ = {isa = PBXBuildFile; fileRef = 92D9E5E726EFCBFD0080EB98 /* LaunchScreen.storyboard */; };
		92DCF2DA26F2476B00A30F4D /* UIView+.swift in Sources */ = {isa = PBXBuildFile; fileRef = 92DCF2D926F2476B00A30F4D /* UIView+.swift */; };
		92DCF2E126F24D5A00A30F4D /* TabBarController.swift in Sources */ = {isa = PBXBuildFile; fileRef = 92DCF2E026F24D5A00A30F4D /* TabBarController.swift */; };
		92DCF2E326F24E1400A30F4D /* SearchVC.swift in Sources */ = {isa = PBXBuildFile; fileRef = 92DCF2E226F24E1400A30F4D /* SearchVC.swift */; };
		92DCF2E526F24E2200A30F4D /* StorageVC.swift in Sources */ = {isa = PBXBuildFile; fileRef = 92DCF2E426F24E2200A30F4D /* StorageVC.swift */; };
		92DCF2E726F2567B00A30F4D /* HeaderView.swift in Sources */ = {isa = PBXBuildFile; fileRef = 92DCF2E626F2567B00A30F4D /* HeaderView.swift */; };
/* End PBXBuildFile section */

/* Begin PBXFileReference section */
		103DC6A39082206E1668E94D /* Pods-YouTubeMusic-iOS.debug.xcconfig */ = {isa = PBXFileReference; includeInIndex = 1; lastKnownFileType = text.xcconfig; name = "Pods-YouTubeMusic-iOS.debug.xcconfig"; path = "Target Support Files/Pods-YouTubeMusic-iOS/Pods-YouTubeMusic-iOS.debug.xcconfig"; sourceTree = "<group>"; };
		92D9E5D926EFCBFC0080EB98 /* YouTubeMusic-iOS.app */ = {isa = PBXFileReference; explicitFileType = wrapper.application; includeInIndex = 0; path = "YouTubeMusic-iOS.app"; sourceTree = BUILT_PRODUCTS_DIR; };
		92D9E5DC26EFCBFC0080EB98 /* AppDelegate.swift */ = {isa = PBXFileReference; lastKnownFileType = sourcecode.swift; path = AppDelegate.swift; sourceTree = "<group>"; };
		92D9E5DE26EFCBFC0080EB98 /* SceneDelegate.swift */ = {isa = PBXFileReference; lastKnownFileType = sourcecode.swift; path = SceneDelegate.swift; sourceTree = "<group>"; };
		92D9E5E026EFCBFC0080EB98 /* HomeVC.swift */ = {isa = PBXFileReference; lastKnownFileType = sourcecode.swift; path = HomeVC.swift; sourceTree = "<group>"; };
		92D9E5E526EFCBFD0080EB98 /* Assets.xcassets */ = {isa = PBXFileReference; lastKnownFileType = folder.assetcatalog; path = Assets.xcassets; sourceTree = "<group>"; };
		92D9E5E826EFCBFD0080EB98 /* Base */ = {isa = PBXFileReference; lastKnownFileType = file.storyboard; name = Base; path = Base.lproj/LaunchScreen.storyboard; sourceTree = "<group>"; };
		92D9E5EA26EFCBFD0080EB98 /* Info.plist */ = {isa = PBXFileReference; lastKnownFileType = text.plist.xml; path = Info.plist; sourceTree = "<group>"; };
		92DCF2D926F2476B00A30F4D /* UIView+.swift */ = {isa = PBXFileReference; lastKnownFileType = sourcecode.swift; path = "UIView+.swift"; sourceTree = "<group>"; };
		92DCF2E026F24D5A00A30F4D /* TabBarController.swift */ = {isa = PBXFileReference; lastKnownFileType = sourcecode.swift; path = TabBarController.swift; sourceTree = "<group>"; };
		92DCF2E226F24E1400A30F4D /* SearchVC.swift */ = {isa = PBXFileReference; lastKnownFileType = sourcecode.swift; path = SearchVC.swift; sourceTree = "<group>"; };
		92DCF2E426F24E2200A30F4D /* StorageVC.swift */ = {isa = PBXFileReference; lastKnownFileType = sourcecode.swift; path = StorageVC.swift; sourceTree = "<group>"; };
		92DCF2E626F2567B00A30F4D /* HeaderView.swift */ = {isa = PBXFileReference; lastKnownFileType = sourcecode.swift; path = HeaderView.swift; sourceTree = "<group>"; };
		9DA66FEFF76393948C503BD2 /* Pods_YouTubeMusic_iOS.framework */ = {isa = PBXFileReference; explicitFileType = wrapper.framework; includeInIndex = 0; path = Pods_YouTubeMusic_iOS.framework; sourceTree = BUILT_PRODUCTS_DIR; };
		9F1ED36D7FCC34EC29780D5E /* Pods-YouTubeMusic-iOS.release.xcconfig */ = {isa = PBXFileReference; includeInIndex = 1; lastKnownFileType = text.xcconfig; name = "Pods-YouTubeMusic-iOS.release.xcconfig"; path = "Target Support Files/Pods-YouTubeMusic-iOS/Pods-YouTubeMusic-iOS.release.xcconfig"; sourceTree = "<group>"; };
/* End PBXFileReference section */

/* Begin PBXFrameworksBuildPhase section */
		92D9E5D626EFCBFC0080EB98 /* Frameworks */ = {
			isa = PBXFrameworksBuildPhase;
			buildActionMask = 2147483647;
			files = (
				7242950790D82BFDCBFF91E1 /* Pods_YouTubeMusic_iOS.framework in Frameworks */,
			);
			runOnlyForDeploymentPostprocessing = 0;
		};
/* End PBXFrameworksBuildPhase section */

/* Begin PBXGroup section */
		92D9E5D026EFCBFC0080EB98 = {
			isa = PBXGroup;
			children = (
				92D9E5DB26EFCBFC0080EB98 /* YouTubeMusic-iOS */,
				92D9E5DA26EFCBFC0080EB98 /* Products */,
				942E43008C54A3477F18D9A5 /* Pods */,
				E9A0CF380FDE0110BD771D52 /* Frameworks */,
			);
			sourceTree = "<group>";
		};
		92D9E5DA26EFCBFC0080EB98 /* Products */ = {
			isa = PBXGroup;
			children = (
				92D9E5D926EFCBFC0080EB98 /* YouTubeMusic-iOS.app */,
			);
			name = Products;
			sourceTree = "<group>";
		};
		92D9E5DB26EFCBFC0080EB98 /* YouTubeMusic-iOS */ = {
			isa = PBXGroup;
			children = (
				92DCF2D626F246F100A30F4D /* Global */,
				92DCF2D426F246BB00A30F4D /* Resources */,
				92DCF2D526F246C500A30F4D /* Sources */,
			);
			path = "YouTubeMusic-iOS";
			sourceTree = "<group>";
		};
		92DCF2D426F246BB00A30F4D /* Resources */ = {
			isa = PBXGroup;
			children = (
				92D9E5EA26EFCBFD0080EB98 /* Info.plist */,
				92D9E5E526EFCBFD0080EB98 /* Assets.xcassets */,
				92D9E5E726EFCBFD0080EB98 /* LaunchScreen.storyboard */,
			);
			path = Resources;
			sourceTree = "<group>";
		};
		92DCF2D526F246C500A30F4D /* Sources */ = {
			isa = PBXGroup;
			children = (
				92DCF2E826F256C400A30F4D /* Views */,
				92DCF2DE26F2487A00A30F4D /* Cells */,
				92DCF2DB26F2481700A30F4D /* VCs */,
				92DCF2DC26F2481E00A30F4D /* Models */,
			);
			path = Sources;
			sourceTree = "<group>";
		};
		92DCF2D626F246F100A30F4D /* Global */ = {
			isa = PBXGroup;
			children = (
				92DCF2DF26F24D1800A30F4D /* Base */,
				92DCF2D826F2473100A30F4D /* Extensions */,
				92DCF2D726F2470B00A30F4D /* Support */,
			);
			path = Global;
			sourceTree = "<group>";
		};
		92DCF2D726F2470B00A30F4D /* Support */ = {
			isa = PBXGroup;
			children = (
				92D9E5DC26EFCBFC0080EB98 /* AppDelegate.swift */,
				92D9E5DE26EFCBFC0080EB98 /* SceneDelegate.swift */,
			);
			path = Support;
			sourceTree = "<group>";
		};
		92DCF2D826F2473100A30F4D /* Extensions */ = {
			isa = PBXGroup;
			children = (
				92DCF2D926F2476B00A30F4D /* UIView+.swift */,
			);
			path = Extensions;
			sourceTree = "<group>";
		};
		92DCF2DB26F2481700A30F4D /* VCs */ = {
			isa = PBXGroup;
			children = (
				92D9E5E026EFCBFC0080EB98 /* HomeVC.swift */,
				92DCF2E226F24E1400A30F4D /* SearchVC.swift */,
				92DCF2E426F24E2200A30F4D /* StorageVC.swift */,
			);
			path = VCs;
			sourceTree = "<group>";
		};
		92DCF2DC26F2481E00A30F4D /* Models */ = {
			isa = PBXGroup;
			children = (
			);
			path = Models;
			sourceTree = "<group>";
		};
		92DCF2DE26F2487A00A30F4D /* Cells */ = {
			isa = PBXGroup;
			children = (
			);
			path = Cells;
			sourceTree = "<group>";
		};
		92DCF2DF26F24D1800A30F4D /* Base */ = {
			isa = PBXGroup;
			children = (
				92DCF2E026F24D5A00A30F4D /* TabBarController.swift */,
			);
			path = Base;
			sourceTree = "<group>";
		};
		92DCF2E826F256C400A30F4D /* Views */ = {
			isa = PBXGroup;
			children = (
				92DCF2E626F2567B00A30F4D /* HeaderView.swift */,
			);
			path = Views;
			sourceTree = "<group>";
		};
		942E43008C54A3477F18D9A5 /* Pods */ = {
			isa = PBXGroup;
			children = (
				103DC6A39082206E1668E94D /* Pods-YouTubeMusic-iOS.debug.xcconfig */,
				9F1ED36D7FCC34EC29780D5E /* Pods-YouTubeMusic-iOS.release.xcconfig */,
			);
			path = Pods;
			sourceTree = "<group>";
		};
		E9A0CF380FDE0110BD771D52 /* Frameworks */ = {
			isa = PBXGroup;
			children = (
				9DA66FEFF76393948C503BD2 /* Pods_YouTubeMusic_iOS.framework */,
			);
			name = Frameworks;
			sourceTree = "<group>";
		};
/* End PBXGroup section */

/* Begin PBXNativeTarget section */
		92D9E5D826EFCBFC0080EB98 /* YouTubeMusic-iOS */ = {
			isa = PBXNativeTarget;
			buildConfigurationList = 92D9E5ED26EFCBFD0080EB98 /* Build configuration list for PBXNativeTarget "YouTubeMusic-iOS" */;
			buildPhases = (
				4C84906C27DF7B87E0B3BC08 /* [CP] Check Pods Manifest.lock */,
				92D9E5D526EFCBFC0080EB98 /* Sources */,
				92D9E5D626EFCBFC0080EB98 /* Frameworks */,
				92D9E5D726EFCBFC0080EB98 /* Resources */,
				C4EB31059DF820DDEB0E09CB /* [CP] Embed Pods Frameworks */,
			);
			buildRules = (
			);
			dependencies = (
			);
			name = "YouTubeMusic-iOS";
			productName = "YouTubeMusic-iOS";
			productReference = 92D9E5D926EFCBFC0080EB98 /* YouTubeMusic-iOS.app */;
			productType = "com.apple.product-type.application";
		};
/* End PBXNativeTarget section */

/* Begin PBXProject section */
		92D9E5D126EFCBFC0080EB98 /* Project object */ = {
			isa = PBXProject;
			attributes = {
				LastSwiftUpdateCheck = 1250;
				LastUpgradeCheck = 1250;
				TargetAttributes = {
					92D9E5D826EFCBFC0080EB98 = {
						CreatedOnToolsVersion = 12.5.1;
					};
				};
			};
			buildConfigurationList = 92D9E5D426EFCBFC0080EB98 /* Build configuration list for PBXProject "YouTubeMusic-iOS" */;
			compatibilityVersion = "Xcode 9.3";
			developmentRegion = en;
			hasScannedForEncodings = 0;
			knownRegions = (
				en,
				Base,
			);
			mainGroup = 92D9E5D026EFCBFC0080EB98;
			productRefGroup = 92D9E5DA26EFCBFC0080EB98 /* Products */;
			projectDirPath = "";
			projectRoot = "";
			targets = (
				92D9E5D826EFCBFC0080EB98 /* YouTubeMusic-iOS */,
			);
		};
/* End PBXProject section */

/* Begin PBXResourcesBuildPhase section */
		92D9E5D726EFCBFC0080EB98 /* Resources */ = {
			isa = PBXResourcesBuildPhase;
			buildActionMask = 2147483647;
			files = (
				92D9E5E926EFCBFD0080EB98 /* LaunchScreen.storyboard in Resources */,
				92D9E5E626EFCBFD0080EB98 /* Assets.xcassets in Resources */,
			);
			runOnlyForDeploymentPostprocessing = 0;
		};
/* End PBXResourcesBuildPhase section */

/* Begin PBXShellScriptBuildPhase section */
		4C84906C27DF7B87E0B3BC08 /* [CP] Check Pods Manifest.lock */ = {
			isa = PBXShellScriptBuildPhase;
			buildActionMask = 2147483647;
			files = (
			);
			inputFileListPaths = (
			);
			inputPaths = (
				"${PODS_PODFILE_DIR_PATH}/Podfile.lock",
				"${PODS_ROOT}/Manifest.lock",
			);
			name = "[CP] Check Pods Manifest.lock";
			outputFileListPaths = (
			);
			outputPaths = (
				"$(DERIVED_FILE_DIR)/Pods-YouTubeMusic-iOS-checkManifestLockResult.txt",
			);
			runOnlyForDeploymentPostprocessing = 0;
			shellPath = /bin/sh;
			shellScript = "diff \"${PODS_PODFILE_DIR_PATH}/Podfile.lock\" \"${PODS_ROOT}/Manifest.lock\" > /dev/null\nif [ $? != 0 ] ; then\n    # print error to STDERR\n    echo \"error: The sandbox is not in sync with the Podfile.lock. Run 'pod install' or update your CocoaPods installation.\" >&2\n    exit 1\nfi\n# This output is used by Xcode 'outputs' to avoid re-running this script phase.\necho \"SUCCESS\" > \"${SCRIPT_OUTPUT_FILE_0}\"\n";
			showEnvVarsInLog = 0;
		};
		C4EB31059DF820DDEB0E09CB /* [CP] Embed Pods Frameworks */ = {
			isa = PBXShellScriptBuildPhase;
			buildActionMask = 2147483647;
			files = (
			);
			inputFileListPaths = (
				"${PODS_ROOT}/Target Support Files/Pods-YouTubeMusic-iOS/Pods-YouTubeMusic-iOS-frameworks-${CONFIGURATION}-input-files.xcfilelist",
			);
			name = "[CP] Embed Pods Frameworks";
			outputFileListPaths = (
				"${PODS_ROOT}/Target Support Files/Pods-YouTubeMusic-iOS/Pods-YouTubeMusic-iOS-frameworks-${CONFIGURATION}-output-files.xcfilelist",
			);
			runOnlyForDeploymentPostprocessing = 0;
			shellPath = /bin/sh;
			shellScript = "\"${PODS_ROOT}/Target Support Files/Pods-YouTubeMusic-iOS/Pods-YouTubeMusic-iOS-frameworks.sh\"\n";
			showEnvVarsInLog = 0;
		};
/* End PBXShellScriptBuildPhase section */

/* Begin PBXSourcesBuildPhase section */
		92D9E5D526EFCBFC0080EB98 /* Sources */ = {
			isa = PBXSourcesBuildPhase;
			buildActionMask = 2147483647;
			files = (
				92DCF2E326F24E1400A30F4D /* SearchVC.swift in Sources */,
				92DCF2DA26F2476B00A30F4D /* UIView+.swift in Sources */,
				92D9E5E126EFCBFC0080EB98 /* HomeVC.swift in Sources */,
				92DCF2E526F24E2200A30F4D /* StorageVC.swift in Sources */,
				92D9E5DD26EFCBFC0080EB98 /* AppDelegate.swift in Sources */,
				92DCF2E126F24D5A00A30F4D /* TabBarController.swift in Sources */,
				92D9E5DF26EFCBFC0080EB98 /* SceneDelegate.swift in Sources */,
				92DCF2E726F2567B00A30F4D /* HeaderView.swift in Sources */,
			);
			runOnlyForDeploymentPostprocessing = 0;
		};
/* End PBXSourcesBuildPhase section */

/* Begin PBXVariantGroup section */
		92D9E5E726EFCBFD0080EB98 /* LaunchScreen.storyboard */ = {
			isa = PBXVariantGroup;
			children = (
				92D9E5E826EFCBFD0080EB98 /* Base */,
			);
			name = LaunchScreen.storyboard;
			sourceTree = "<group>";
		};
/* End PBXVariantGroup section */

/* Begin XCBuildConfiguration section */
		92D9E5EB26EFCBFD0080EB98 /* Debug */ = {
			isa = XCBuildConfiguration;
			buildSettings = {
				ALWAYS_SEARCH_USER_PATHS = NO;
				CLANG_ANALYZER_NONNULL = YES;
				CLANG_ANALYZER_NUMBER_OBJECT_CONVERSION = YES_AGGRESSIVE;
				CLANG_CXX_LANGUAGE_STANDARD = "gnu++14";
				CLANG_CXX_LIBRARY = "libc++";
				CLANG_ENABLE_MODULES = YES;
				CLANG_ENABLE_OBJC_ARC = YES;
				CLANG_ENABLE_OBJC_WEAK = YES;
				CLANG_WARN_BLOCK_CAPTURE_AUTORELEASING = YES;
				CLANG_WARN_BOOL_CONVERSION = YES;
				CLANG_WARN_COMMA = YES;
				CLANG_WARN_CONSTANT_CONVERSION = YES;
				CLANG_WARN_DEPRECATED_OBJC_IMPLEMENTATIONS = YES;
				CLANG_WARN_DIRECT_OBJC_ISA_USAGE = YES_ERROR;
				CLANG_WARN_DOCUMENTATION_COMMENTS = YES;
				CLANG_WARN_EMPTY_BODY = YES;
				CLANG_WARN_ENUM_CONVERSION = YES;
				CLANG_WARN_INFINITE_RECURSION = YES;
				CLANG_WARN_INT_CONVERSION = YES;
				CLANG_WARN_NON_LITERAL_NULL_CONVERSION = YES;
				CLANG_WARN_OBJC_IMPLICIT_RETAIN_SELF = YES;
				CLANG_WARN_OBJC_LITERAL_CONVERSION = YES;
				CLANG_WARN_OBJC_ROOT_CLASS = YES_ERROR;
				CLANG_WARN_QUOTED_INCLUDE_IN_FRAMEWORK_HEADER = YES;
				CLANG_WARN_RANGE_LOOP_ANALYSIS = YES;
				CLANG_WARN_STRICT_PROTOTYPES = YES;
				CLANG_WARN_SUSPICIOUS_MOVE = YES;
				CLANG_WARN_UNGUARDED_AVAILABILITY = YES_AGGRESSIVE;
				CLANG_WARN_UNREACHABLE_CODE = YES;
				CLANG_WARN__DUPLICATE_METHOD_MATCH = YES;
				COPY_PHASE_STRIP = NO;
				DEBUG_INFORMATION_FORMAT = dwarf;
				ENABLE_STRICT_OBJC_MSGSEND = YES;
				ENABLE_TESTABILITY = YES;
				GCC_C_LANGUAGE_STANDARD = gnu11;
				GCC_DYNAMIC_NO_PIC = NO;
				GCC_NO_COMMON_BLOCKS = YES;
				GCC_OPTIMIZATION_LEVEL = 0;
				GCC_PREPROCESSOR_DEFINITIONS = (
					"DEBUG=1",
					"$(inherited)",
				);
				GCC_WARN_64_TO_32_BIT_CONVERSION = YES;
				GCC_WARN_ABOUT_RETURN_TYPE = YES_ERROR;
				GCC_WARN_UNDECLARED_SELECTOR = YES;
				GCC_WARN_UNINITIALIZED_AUTOS = YES_AGGRESSIVE;
				GCC_WARN_UNUSED_FUNCTION = YES;
				GCC_WARN_UNUSED_VARIABLE = YES;
				IPHONEOS_DEPLOYMENT_TARGET = 14.5;
				MTL_ENABLE_DEBUG_INFO = INCLUDE_SOURCE;
				MTL_FAST_MATH = YES;
				ONLY_ACTIVE_ARCH = YES;
				SDKROOT = iphoneos;
				SWIFT_ACTIVE_COMPILATION_CONDITIONS = DEBUG;
				SWIFT_OPTIMIZATION_LEVEL = "-Onone";
			};
			name = Debug;
		};
		92D9E5EC26EFCBFD0080EB98 /* Release */ = {
			isa = XCBuildConfiguration;
			buildSettings = {
				ALWAYS_SEARCH_USER_PATHS = NO;
				CLANG_ANALYZER_NONNULL = YES;
				CLANG_ANALYZER_NUMBER_OBJECT_CONVERSION = YES_AGGRESSIVE;
				CLANG_CXX_LANGUAGE_STANDARD = "gnu++14";
				CLANG_CXX_LIBRARY = "libc++";
				CLANG_ENABLE_MODULES = YES;
				CLANG_ENABLE_OBJC_ARC = YES;
				CLANG_ENABLE_OBJC_WEAK = YES;
				CLANG_WARN_BLOCK_CAPTURE_AUTORELEASING = YES;
				CLANG_WARN_BOOL_CONVERSION = YES;
				CLANG_WARN_COMMA = YES;
				CLANG_WARN_CONSTANT_CONVERSION = YES;
				CLANG_WARN_DEPRECATED_OBJC_IMPLEMENTATIONS = YES;
				CLANG_WARN_DIRECT_OBJC_ISA_USAGE = YES_ERROR;
				CLANG_WARN_DOCUMENTATION_COMMENTS = YES;
				CLANG_WARN_EMPTY_BODY = YES;
				CLANG_WARN_ENUM_CONVERSION = YES;
				CLANG_WARN_INFINITE_RECURSION = YES;
				CLANG_WARN_INT_CONVERSION = YES;
				CLANG_WARN_NON_LITERAL_NULL_CONVERSION = YES;
				CLANG_WARN_OBJC_IMPLICIT_RETAIN_SELF = YES;
				CLANG_WARN_OBJC_LITERAL_CONVERSION = YES;
				CLANG_WARN_OBJC_ROOT_CLASS = YES_ERROR;
				CLANG_WARN_QUOTED_INCLUDE_IN_FRAMEWORK_HEADER = YES;
				CLANG_WARN_RANGE_LOOP_ANALYSIS = YES;
				CLANG_WARN_STRICT_PROTOTYPES = YES;
				CLANG_WARN_SUSPICIOUS_MOVE = YES;
				CLANG_WARN_UNGUARDED_AVAILABILITY = YES_AGGRESSIVE;
				CLANG_WARN_UNREACHABLE_CODE = YES;
				CLANG_WARN__DUPLICATE_METHOD_MATCH = YES;
				COPY_PHASE_STRIP = NO;
				DEBUG_INFORMATION_FORMAT = "dwarf-with-dsym";
				ENABLE_NS_ASSERTIONS = NO;
				ENABLE_STRICT_OBJC_MSGSEND = YES;
				GCC_C_LANGUAGE_STANDARD = gnu11;
				GCC_NO_COMMON_BLOCKS = YES;
				GCC_WARN_64_TO_32_BIT_CONVERSION = YES;
				GCC_WARN_ABOUT_RETURN_TYPE = YES_ERROR;
				GCC_WARN_UNDECLARED_SELECTOR = YES;
				GCC_WARN_UNINITIALIZED_AUTOS = YES_AGGRESSIVE;
				GCC_WARN_UNUSED_FUNCTION = YES;
				GCC_WARN_UNUSED_VARIABLE = YES;
				IPHONEOS_DEPLOYMENT_TARGET = 14.5;
				MTL_ENABLE_DEBUG_INFO = NO;
				MTL_FAST_MATH = YES;
				SDKROOT = iphoneos;
				SWIFT_COMPILATION_MODE = wholemodule;
				SWIFT_OPTIMIZATION_LEVEL = "-O";
				VALIDATE_PRODUCT = YES;
			};
			name = Release;
		};
		92D9E5EE26EFCBFD0080EB98 /* Debug */ = {
			isa = XCBuildConfiguration;
			baseConfigurationReference = 103DC6A39082206E1668E94D /* Pods-YouTubeMusic-iOS.debug.xcconfig */;
			buildSettings = {
				ASSETCATALOG_COMPILER_APPICON_NAME = AppIcon;
				ASSETCATALOG_COMPILER_GLOBAL_ACCENT_COLOR_NAME = AccentColor;
				CODE_SIGN_STYLE = Automatic;
				DEVELOPMENT_TEAM = PU64TS56AD;
				INFOPLIST_FILE = "YouTubeMusic-iOS/Resources/Info.plist";
				LD_RUNPATH_SEARCH_PATHS = (
					"$(inherited)",
					"@executable_path/Frameworks",
				);
				PRODUCT_BUNDLE_IDENTIFIER = "soyeon.YouTubeMusic-iOS";
				PRODUCT_NAME = "$(TARGET_NAME)";
				SWIFT_VERSION = 5.0;
				TARGETED_DEVICE_FAMILY = "1,2";
			};
			name = Debug;
		};
		92D9E5EF26EFCBFD0080EB98 /* Release */ = {
			isa = XCBuildConfiguration;
			baseConfigurationReference = 9F1ED36D7FCC34EC29780D5E /* Pods-YouTubeMusic-iOS.release.xcconfig */;
			buildSettings = {
				ASSETCATALOG_COMPILER_APPICON_NAME = AppIcon;
				ASSETCATALOG_COMPILER_GLOBAL_ACCENT_COLOR_NAME = AccentColor;
				CODE_SIGN_STYLE = Automatic;
				DEVELOPMENT_TEAM = PU64TS56AD;
				INFOPLIST_FILE = "YouTubeMusic-iOS/Resources/Info.plist";
				LD_RUNPATH_SEARCH_PATHS = (
					"$(inherited)",
					"@executable_path/Frameworks",
				);
				PRODUCT_BUNDLE_IDENTIFIER = "soyeon.YouTubeMusic-iOS";
				PRODUCT_NAME = "$(TARGET_NAME)";
				SWIFT_VERSION = 5.0;
				TARGETED_DEVICE_FAMILY = "1,2";
			};
			name = Release;
		};
/* End XCBuildConfiguration section */

/* Begin XCConfigurationList section */
		92D9E5D426EFCBFC0080EB98 /* Build configuration list for PBXProject "YouTubeMusic-iOS" */ = {
			isa = XCConfigurationList;
			buildConfigurations = (
				92D9E5EB26EFCBFD0080EB98 /* Debug */,
				92D9E5EC26EFCBFD0080EB98 /* Release */,
			);
			defaultConfigurationIsVisible = 0;
			defaultConfigurationName = Release;
		};
		92D9E5ED26EFCBFD0080EB98 /* Build configuration list for PBXNativeTarget "YouTubeMusic-iOS" */ = {
			isa = XCConfigurationList;
			buildConfigurations = (
				92D9E5EE26EFCBFD0080EB98 /* Debug */,
				92D9E5EF26EFCBFD0080EB98 /* Release */,
			);
			defaultConfigurationIsVisible = 0;
			defaultConfigurationName = Release;
		};
/* End XCConfigurationList section */
	};
	rootObject = 92D9E5D126EFCBFC0080EB98 /* Project object */;
}
