// !$*UTF8*$!
{
	archiveVersion = 1;
	classes = {
	};
	objectVersion = 50;
	objects = {

/* Begin PBXBuildFile section */
		92DEFC0326BAD4D900D16F79 /* AppDelegate.swift in Sources */ = {isa = PBXBuildFile; fileRef = 92DEFC0226BAD4D900D16F79 /* AppDelegate.swift */; };
		92DEFC0526BAD4D900D16F79 /* SceneDelegate.swift in Sources */ = {isa = PBXBuildFile; fileRef = 92DEFC0426BAD4D900D16F79 /* SceneDelegate.swift */; };
		92DEFC0726BAD4D900D16F79 /* ViewController.swift in Sources */ = {isa = PBXBuildFile; fileRef = 92DEFC0626BAD4D900D16F79 /* ViewController.swift */; };
		92DEFC0A26BAD4D900D16F79 /* Main.storyboard in Resources */ = {isa = PBXBuildFile; fileRef = 92DEFC0826BAD4D900D16F79 /* Main.storyboard */; };
		92DEFC0C26BAD4DA00D16F79 /* Assets.xcassets in Resources */ = {isa = PBXBuildFile; fileRef = 92DEFC0B26BAD4DA00D16F79 /* Assets.xcassets */; };
		92DEFC0F26BAD4DA00D16F79 /* LaunchScreen.storyboard in Resources */ = {isa = PBXBuildFile; fileRef = 92DEFC0D26BAD4DA00D16F79 /* LaunchScreen.storyboard */; };
/* End PBXBuildFile section */

/* Begin PBXFileReference section */
		92DEFBFF26BAD4D900D16F79 /* AppStore-iOS.app */ = {isa = PBXFileReference; explicitFileType = wrapper.application; includeInIndex = 0; path = "AppStore-iOS.app"; sourceTree = BUILT_PRODUCTS_DIR; };
		92DEFC0226BAD4D900D16F79 /* AppDelegate.swift */ = {isa = PBXFileReference; lastKnownFileType = sourcecode.swift; path = AppDelegate.swift; sourceTree = "<group>"; };
		92DEFC0426BAD4D900D16F79 /* SceneDelegate.swift */ = {isa = PBXFileReference; lastKnownFileType = sourcecode.swift; path = SceneDelegate.swift; sourceTree = "<group>"; };
		92DEFC0626BAD4D900D16F79 /* ViewController.swift */ = {isa = PBXFileReference; lastKnownFileType = sourcecode.swift; path = ViewController.swift; sourceTree = "<group>"; };
		92DEFC0926BAD4D900D16F79 /* Base */ = {isa = PBXFileReference; lastKnownFileType = file.storyboard; name = Base; path = Base.lproj/Main.storyboard; sourceTree = "<group>"; };
		92DEFC0B26BAD4DA00D16F79 /* Assets.xcassets */ = {isa = PBXFileReference; lastKnownFileType = folder.assetcatalog; path = Assets.xcassets; sourceTree = "<group>"; };
		92DEFC0E26BAD4DA00D16F79 /* Base */ = {isa = PBXFileReference; lastKnownFileType = file.storyboard; name = Base; path = Base.lproj/LaunchScreen.storyboard; sourceTree = "<group>"; };
		92DEFC1026BAD4DA00D16F79 /* Info.plist */ = {isa = PBXFileReference; lastKnownFileType = text.plist.xml; path = Info.plist; sourceTree = "<group>"; };
/* End PBXFileReference section */

/* Begin PBXFrameworksBuildPhase section */
		92DEFBFC26BAD4D900D16F79 /* Frameworks */ = {
			isa = PBXFrameworksBuildPhase;
			buildActionMask = 2147483647;
			files = (
			);
			runOnlyForDeploymentPostprocessing = 0;
		};
/* End PBXFrameworksBuildPhase section */

/* Begin PBXGroup section */
		92DEFBF626BAD4D900D16F79 = {
			isa = PBXGroup;
			children = (
				92DEFC0126BAD4D900D16F79 /* AppStore-iOS */,
				92DEFC0026BAD4D900D16F79 /* Products */,
			);
			sourceTree = "<group>";
		};
		92DEFC0026BAD4D900D16F79 /* Products */ = {
			isa = PBXGroup;
			children = (
				92DEFBFF26BAD4D900D16F79 /* AppStore-iOS.app */,
			);
			name = Products;
			sourceTree = "<group>";
		};
		92DEFC0126BAD4D900D16F79 /* AppStore-iOS */ = {
			isa = PBXGroup;
			children = (
				92DEFC0226BAD4D900D16F79 /* AppDelegate.swift */,
				92DEFC0426BAD4D900D16F79 /* SceneDelegate.swift */,
				92DEFC0626BAD4D900D16F79 /* ViewController.swift */,
				92DEFC0826BAD4D900D16F79 /* Main.storyboard */,
				92DEFC0B26BAD4DA00D16F79 /* Assets.xcassets */,
				92DEFC0D26BAD4DA00D16F79 /* LaunchScreen.storyboard */,
				92DEFC1026BAD4DA00D16F79 /* Info.plist */,
			);
			path = "AppStore-iOS";
			sourceTree = "<group>";
		};
/* End PBXGroup section */

/* Begin PBXNativeTarget section */
		92DEFBFE26BAD4D900D16F79 /* AppStore-iOS */ = {
			isa = PBXNativeTarget;
			buildConfigurationList = 92DEFC1326BAD4DA00D16F79 /* Build configuration list for PBXNativeTarget "AppStore-iOS" */;
			buildPhases = (
				92DEFBFB26BAD4D900D16F79 /* Sources */,
				92DEFBFC26BAD4D900D16F79 /* Frameworks */,
				92DEFBFD26BAD4D900D16F79 /* Resources */,
			);
			buildRules = (
			);
			dependencies = (
			);
			name = "AppStore-iOS";
			productName = "AppStore-iOS";
			productReference = 92DEFBFF26BAD4D900D16F79 /* AppStore-iOS.app */;
			productType = "com.apple.product-type.application";
		};
/* End PBXNativeTarget section */

/* Begin PBXProject section */
		92DEFBF726BAD4D900D16F79 /* Project object */ = {
			isa = PBXProject;
			attributes = {
				LastSwiftUpdateCheck = 1250;
				LastUpgradeCheck = 1250;
				TargetAttributes = {
					92DEFBFE26BAD4D900D16F79 = {
						CreatedOnToolsVersion = 12.5.1;
					};
				};
			};
			buildConfigurationList = 92DEFBFA26BAD4D900D16F79 /* Build configuration list for PBXProject "AppStore-iOS" */;
			compatibilityVersion = "Xcode 9.3";
			developmentRegion = en;
			hasScannedForEncodings = 0;
			knownRegions = (
				en,
				Base,
			);
			mainGroup = 92DEFBF626BAD4D900D16F79;
			productRefGroup = 92DEFC0026BAD4D900D16F79 /* Products */;
			projectDirPath = "";
			projectRoot = "";
			targets = (
				92DEFBFE26BAD4D900D16F79 /* AppStore-iOS */,
			);
		};
/* End PBXProject section */

/* Begin PBXResourcesBuildPhase section */
		92DEFBFD26BAD4D900D16F79 /* Resources */ = {
			isa = PBXResourcesBuildPhase;
			buildActionMask = 2147483647;
			files = (
				92DEFC0F26BAD4DA00D16F79 /* LaunchScreen.storyboard in Resources */,
				92DEFC0C26BAD4DA00D16F79 /* Assets.xcassets in Resources */,
				92DEFC0A26BAD4D900D16F79 /* Main.storyboard in Resources */,
			);
			runOnlyForDeploymentPostprocessing = 0;
		};
/* End PBXResourcesBuildPhase section */

/* Begin PBXSourcesBuildPhase section */
		92DEFBFB26BAD4D900D16F79 /* Sources */ = {
			isa = PBXSourcesBuildPhase;
			buildActionMask = 2147483647;
			files = (
				92DEFC0726BAD4D900D16F79 /* ViewController.swift in Sources */,
				92DEFC0326BAD4D900D16F79 /* AppDelegate.swift in Sources */,
				92DEFC0526BAD4D900D16F79 /* SceneDelegate.swift in Sources */,
			);
			runOnlyForDeploymentPostprocessing = 0;
		};
/* End PBXSourcesBuildPhase section */

/* Begin PBXVariantGroup section */
		92DEFC0826BAD4D900D16F79 /* Main.storyboard */ = {
			isa = PBXVariantGroup;
			children = (
				92DEFC0926BAD4D900D16F79 /* Base */,
			);
			name = Main.storyboard;
			sourceTree = "<group>";
		};
		92DEFC0D26BAD4DA00D16F79 /* LaunchScreen.storyboard */ = {
			isa = PBXVariantGroup;
			children = (
				92DEFC0E26BAD4DA00D16F79 /* Base */,
			);
			name = LaunchScreen.storyboard;
			sourceTree = "<group>";
		};
/* End PBXVariantGroup section */

/* Begin XCBuildConfiguration section */
		92DEFC1126BAD4DA00D16F79 /* Debug */ = {
			isa = XCBuildConfiguration;
			buildSettings = {
				ALWAYS_SEARCH_USER_PATHS = NO;
				CLANG_ANALYZER_NONNULL = YES;
				CLANG_ANALYZER_NUMBER_OBJECT_CONVERSION = YES_AGGRESSIVE;
				CLANG_CXX_LANGUAGE_STANDARD = "gnu++14";
				CLANG_CXX_LIBRARY = "libc++";
				CLANG_ENABLE_MODULES = YES;
				CLANG_ENABLE_OBJC_ARC = YES;
				CLANG_ENABLE_OBJC_WEAK = YES;
				CLANG_WARN_BLOCK_CAPTURE_AUTORELEASING = YES;
				CLANG_WARN_BOOL_CONVERSION = YES;
				CLANG_WARN_COMMA = YES;
				CLANG_WARN_CONSTANT_CONVERSION = YES;
				CLANG_WARN_DEPRECATED_OBJC_IMPLEMENTATIONS = YES;
				CLANG_WARN_DIRECT_OBJC_ISA_USAGE = YES_ERROR;
				CLANG_WARN_DOCUMENTATION_COMMENTS = YES;
				CLANG_WARN_EMPTY_BODY = YES;
				CLANG_WARN_ENUM_CONVERSION = YES;
				CLANG_WARN_INFINITE_RECURSION = YES;
				CLANG_WARN_INT_CONVERSION = YES;
				CLANG_WARN_NON_LITERAL_NULL_CONVERSION = YES;
				CLANG_WARN_OBJC_IMPLICIT_RETAIN_SELF = YES;
				CLANG_WARN_OBJC_LITERAL_CONVERSION = YES;
				CLANG_WARN_OBJC_ROOT_CLASS = YES_ERROR;
				CLANG_WARN_QUOTED_INCLUDE_IN_FRAMEWORK_HEADER = YES;
				CLANG_WARN_RANGE_LOOP_ANALYSIS = YES;
				CLANG_WARN_STRICT_PROTOTYPES = YES;
				CLANG_WARN_SUSPICIOUS_MOVE = YES;
				CLANG_WARN_UNGUARDED_AVAILABILITY = YES_AGGRESSIVE;
				CLANG_WARN_UNREACHABLE_CODE = YES;
				CLANG_WARN__DUPLICATE_METHOD_MATCH = YES;
				COPY_PHASE_STRIP = NO;
				DEBUG_INFORMATION_FORMAT = dwarf;
				ENABLE_STRICT_OBJC_MSGSEND = YES;
				ENABLE_TESTABILITY = YES;
				GCC_C_LANGUAGE_STANDARD = gnu11;
				GCC_DYNAMIC_NO_PIC = NO;
				GCC_NO_COMMON_BLOCKS = YES;
				GCC_OPTIMIZATION_LEVEL = 0;
				GCC_PREPROCESSOR_DEFINITIONS = (
					"DEBUG=1",
					"$(inherited)",
				);
				GCC_WARN_64_TO_32_BIT_CONVERSION = YES;
				GCC_WARN_ABOUT_RETURN_TYPE = YES_ERROR;
				GCC_WARN_UNDECLARED_SELECTOR = YES;
				GCC_WARN_UNINITIALIZED_AUTOS = YES_AGGRESSIVE;
				GCC_WARN_UNUSED_FUNCTION = YES;
				GCC_WARN_UNUSED_VARIABLE = YES;
				IPHONEOS_DEPLOYMENT_TARGET = 14.5;
				MTL_ENABLE_DEBUG_INFO = INCLUDE_SOURCE;
				MTL_FAST_MATH = YES;
				ONLY_ACTIVE_ARCH = YES;
				SDKROOT = iphoneos;
				SWIFT_ACTIVE_COMPILATION_CONDITIONS = DEBUG;
				SWIFT_OPTIMIZATION_LEVEL = "-Onone";
			};
			name = Debug;
		};
		92DEFC1226BAD4DA00D16F79 /* Release */ = {
			isa = XCBuildConfiguration;
			buildSettings = {
				ALWAYS_SEARCH_USER_PATHS = NO;
				CLANG_ANALYZER_NONNULL = YES;
				CLANG_ANALYZER_NUMBER_OBJECT_CONVERSION = YES_AGGRESSIVE;
				CLANG_CXX_LANGUAGE_STANDARD = "gnu++14";
				CLANG_CXX_LIBRARY = "libc++";
				CLANG_ENABLE_MODULES = YES;
				CLANG_ENABLE_OBJC_ARC = YES;
				CLANG_ENABLE_OBJC_WEAK = YES;
				CLANG_WARN_BLOCK_CAPTURE_AUTORELEASING = YES;
				CLANG_WARN_BOOL_CONVERSION = YES;
				CLANG_WARN_COMMA = YES;
				CLANG_WARN_CONSTANT_CONVERSION = YES;
				CLANG_WARN_DEPRECATED_OBJC_IMPLEMENTATIONS = YES;
				CLANG_WARN_DIRECT_OBJC_ISA_USAGE = YES_ERROR;
				CLANG_WARN_DOCUMENTATION_COMMENTS = YES;
				CLANG_WARN_EMPTY_BODY = YES;
				CLANG_WARN_ENUM_CONVERSION = YES;
				CLANG_WARN_INFINITE_RECURSION = YES;
				CLANG_WARN_INT_CONVERSION = YES;
				CLANG_WARN_NON_LITERAL_NULL_CONVERSION = YES;
				CLANG_WARN_OBJC_IMPLICIT_RETAIN_SELF = YES;
				CLANG_WARN_OBJC_LITERAL_CONVERSION = YES;
				CLANG_WARN_OBJC_ROOT_CLASS = YES_ERROR;
				CLANG_WARN_QUOTED_INCLUDE_IN_FRAMEWORK_HEADER = YES;
				CLANG_WARN_RANGE_LOOP_ANALYSIS = YES;
				CLANG_WARN_STRICT_PROTOTYPES = YES;
				CLANG_WARN_SUSPICIOUS_MOVE = YES;
				CLANG_WARN_UNGUARDED_AVAILABILITY = YES_AGGRESSIVE;
				CLANG_WARN_UNREACHABLE_CODE = YES;
				CLANG_WARN__DUPLICATE_METHOD_MATCH = YES;
				COPY_PHASE_STRIP = NO;
				DEBUG_INFORMATION_FORMAT = "dwarf-with-dsym";
				ENABLE_NS_ASSERTIONS = NO;
				ENABLE_STRICT_OBJC_MSGSEND = YES;
				GCC_C_LANGUAGE_STANDARD = gnu11;
				GCC_NO_COMMON_BLOCKS = YES;
				GCC_WARN_64_TO_32_BIT_CONVERSION = YES;
				GCC_WARN_ABOUT_RETURN_TYPE = YES_ERROR;
				GCC_WARN_UNDECLARED_SELECTOR = YES;
				GCC_WARN_UNINITIALIZED_AUTOS = YES_AGGRESSIVE;
				GCC_WARN_UNUSED_FUNCTION = YES;
				GCC_WARN_UNUSED_VARIABLE = YES;
				IPHONEOS_DEPLOYMENT_TARGET = 14.5;
				MTL_ENABLE_DEBUG_INFO = NO;
				MTL_FAST_MATH = YES;
				SDKROOT = iphoneos;
				SWIFT_COMPILATION_MODE = wholemodule;
				SWIFT_OPTIMIZATION_LEVEL = "-O";
				VALIDATE_PRODUCT = YES;
			};
			name = Release;
		};
		92DEFC1426BAD4DA00D16F79 /* Debug */ = {
			isa = XCBuildConfiguration;
			buildSettings = {
				ASSETCATALOG_COMPILER_APPICON_NAME = AppIcon;
				ASSETCATALOG_COMPILER_GLOBAL_ACCENT_COLOR_NAME = AccentColor;
				CODE_SIGN_STYLE = Automatic;
				INFOPLIST_FILE = "AppStore-iOS/Info.plist";
				LD_RUNPATH_SEARCH_PATHS = (
					"$(inherited)",
					"@executable_path/Frameworks",
				);
				PRODUCT_BUNDLE_IDENTIFIER = "soyeon.AppStore-iOS";
				PRODUCT_NAME = "$(TARGET_NAME)";
				SWIFT_VERSION = 5.0;
				TARGETED_DEVICE_FAMILY = "1,2";
			};
			name = Debug;
		};
		92DEFC1526BAD4DA00D16F79 /* Release */ = {
			isa = XCBuildConfiguration;
			buildSettings = {
				ASSETCATALOG_COMPILER_APPICON_NAME = AppIcon;
				ASSETCATALOG_COMPILER_GLOBAL_ACCENT_COLOR_NAME = AccentColor;
				CODE_SIGN_STYLE = Automatic;
				INFOPLIST_FILE = "AppStore-iOS/Info.plist";
				LD_RUNPATH_SEARCH_PATHS = (
					"$(inherited)",
					"@executable_path/Frameworks",
				);
				PRODUCT_BUNDLE_IDENTIFIER = "soyeon.AppStore-iOS";
				PRODUCT_NAME = "$(TARGET_NAME)";
				SWIFT_VERSION = 5.0;
				TARGETED_DEVICE_FAMILY = "1,2";
			};
			name = Release;
		};
/* End XCBuildConfiguration section */

/* Begin XCConfigurationList section */
		92DEFBFA26BAD4D900D16F79 /* Build configuration list for PBXProject "AppStore-iOS" */ = {
			isa = XCConfigurationList;
			buildConfigurations = (
				92DEFC1126BAD4DA00D16F79 /* Debug */,
				92DEFC1226BAD4DA00D16F79 /* Release */,
			);
			defaultConfigurationIsVisible = 0;
			defaultConfigurationName = Release;
		};
		92DEFC1326BAD4DA00D16F79 /* Build configuration list for PBXNativeTarget "AppStore-iOS" */ = {
			isa = XCConfigurationList;
			buildConfigurations = (
				92DEFC1426BAD4DA00D16F79 /* Debug */,
				92DEFC1526BAD4DA00D16F79 /* Release */,
			);
			defaultConfigurationIsVisible = 0;
			defaultConfigurationName = Release;
		};
/* End XCConfigurationList section */
	};
	rootObject = 92DEFBF726BAD4D900D16F79 /* Project object */;
}
