// !$*UTF8*$!
{
	archiveVersion = 1;
	classes = {
	};
	objectVersion = 51;
	objects = {

/* Begin PBXBuildFile section */
		92640D1426D6838700391C97 /* TodayVC.swift in Sources */ = {isa = PBXBuildFile; fileRef = 92640D1326D6838700391C97 /* TodayVC.swift */; };
		92CEF6DA26CB7E3600BD06E9 /* UIScreen+.swift in Sources */ = {isa = PBXBuildFile; fileRef = 92CEF6D926CB7E3600BD06E9 /* UIScreen+.swift */; };
		92CEF6DC26CB82BD00BD06E9 /* ListTVC.swift in Sources */ = {isa = PBXBuildFile; fileRef = 92CEF6DB26CB82BD00BD06E9 /* ListTVC.swift */; };
		92CEF6DE26CB843600BD06E9 /* ListCVC.swift in Sources */ = {isa = PBXBuildFile; fileRef = 92CEF6DD26CB843600BD06E9 /* ListCVC.swift */; };
		92CEF6E026CB851D00BD06E9 /* ListHeaderView.swift in Sources */ = {isa = PBXBuildFile; fileRef = 92CEF6DF26CB851D00BD06E9 /* ListHeaderView.swift */; };
		92CEF6E226CB8E5F00BD06E9 /* ListInTVC.swift in Sources */ = {isa = PBXBuildFile; fileRef = 92CEF6E126CB8E5F00BD06E9 /* ListInTVC.swift */; };
		92CEF6E726CBAA4C00BD06E9 /* SearchVC.swift in Sources */ = {isa = PBXBuildFile; fileRef = 92CEF6E626CBAA4C00BD06E9 /* SearchVC.swift */; };
		92CEF6E926CBAA6000BD06E9 /* ArcadeVC.swift in Sources */ = {isa = PBXBuildFile; fileRef = 92CEF6E826CBAA6000BD06E9 /* ArcadeVC.swift */; };
		92CEF6EB26CBAA7000BD06E9 /* AppVC.swift in Sources */ = {isa = PBXBuildFile; fileRef = 92CEF6EA26CBAA7000BD06E9 /* AppVC.swift */; };
		92CEF6ED26CBB96F00BD06E9 /* GameViewModel.swift in Sources */ = {isa = PBXBuildFile; fileRef = 92CEF6EC26CBB96F00BD06E9 /* GameViewModel.swift */; };
		92CEF6EF26CBD42B00BD06E9 /* IntroTVC.swift in Sources */ = {isa = PBXBuildFile; fileRef = 92CEF6EE26CBD42B00BD06E9 /* IntroTVC.swift */; };
		92CEF6F126CBD44C00BD06E9 /* IntroCVC.swift in Sources */ = {isa = PBXBuildFile; fileRef = 92CEF6F026CBD44C00BD06E9 /* IntroCVC.swift */; };
		92D15FC926BB989900EACA9F /* UIView+.swift in Sources */ = {isa = PBXBuildFile; fileRef = 92D15FC826BB989900EACA9F /* UIView+.swift */; };
		92D15FD426BBAC4E00EACA9F /* CALayer+.swift in Sources */ = {isa = PBXBuildFile; fileRef = 92D15FD326BBAC4E00EACA9F /* CALayer+.swift */; };
		92D1602226BD07BC00EACA9F /* TabBarController.swift in Sources */ = {isa = PBXBuildFile; fileRef = 92D1602126BD07BC00EACA9F /* TabBarController.swift */; };
		92D1602526BD090100EACA9F /* GameVC.swift in Sources */ = {isa = PBXBuildFile; fileRef = 92D1602426BD090100EACA9F /* GameVC.swift */; };
		92D1602726BD24DF00EACA9F /* UIViewController+.swift in Sources */ = {isa = PBXBuildFile; fileRef = 92D1602626BD24DF00EACA9F /* UIViewController+.swift */; };
		92D1602F26BD41E800EACA9F /* Game.swift in Sources */ = {isa = PBXBuildFile; fileRef = 92D1602E26BD41E800EACA9F /* Game.swift */; };
		92D1603526BD573100EACA9F /* GameTVC.swift in Sources */ = {isa = PBXBuildFile; fileRef = 92D1603426BD573100EACA9F /* GameTVC.swift */; };
		92D1603726BD59DD00EACA9F /* GameCVC.swift in Sources */ = {isa = PBXBuildFile; fileRef = 92D1603626BD59DD00EACA9F /* GameCVC.swift */; };
		92DEFC0326BAD4D900D16F79 /* AppDelegate.swift in Sources */ = {isa = PBXBuildFile; fileRef = 92DEFC0226BAD4D900D16F79 /* AppDelegate.swift */; };
		92DEFC0526BAD4D900D16F79 /* SceneDelegate.swift in Sources */ = {isa = PBXBuildFile; fileRef = 92DEFC0426BAD4D900D16F79 /* SceneDelegate.swift */; };
		92DEFC0C26BAD4DA00D16F79 /* Assets.xcassets in Resources */ = {isa = PBXBuildFile; fileRef = 92DEFC0B26BAD4DA00D16F79 /* Assets.xcassets */; };
		92DEFC0F26BAD4DA00D16F79 /* LaunchScreen.storyboard in Resources */ = {isa = PBXBuildFile; fileRef = 92DEFC0D26BAD4DA00D16F79 /* LaunchScreen.storyboard */; };
		EB411D39B8F326A0DF23B42E /* Pods_AppStore_iOS.framework in Frameworks */ = {isa = PBXBuildFile; fileRef = DF0A8D0270559892E3C1DE10 /* Pods_AppStore_iOS.framework */; };
/* End PBXBuildFile section */

/* Begin PBXFileReference section */
		92640D1326D6838700391C97 /* TodayVC.swift */ = {isa = PBXFileReference; lastKnownFileType = sourcecode.swift; path = TodayVC.swift; sourceTree = "<group>"; };
		92CEF6D926CB7E3600BD06E9 /* UIScreen+.swift */ = {isa = PBXFileReference; lastKnownFileType = sourcecode.swift; path = "UIScreen+.swift"; sourceTree = "<group>"; };
		92CEF6DB26CB82BD00BD06E9 /* ListTVC.swift */ = {isa = PBXFileReference; lastKnownFileType = sourcecode.swift; path = ListTVC.swift; sourceTree = "<group>"; };
		92CEF6DD26CB843600BD06E9 /* ListCVC.swift */ = {isa = PBXFileReference; lastKnownFileType = sourcecode.swift; path = ListCVC.swift; sourceTree = "<group>"; };
		92CEF6DF26CB851D00BD06E9 /* ListHeaderView.swift */ = {isa = PBXFileReference; lastKnownFileType = sourcecode.swift; path = ListHeaderView.swift; sourceTree = "<group>"; };
		92CEF6E126CB8E5F00BD06E9 /* ListInTVC.swift */ = {isa = PBXFileReference; lastKnownFileType = sourcecode.swift; path = ListInTVC.swift; sourceTree = "<group>"; };
		92CEF6E626CBAA4C00BD06E9 /* SearchVC.swift */ = {isa = PBXFileReference; lastKnownFileType = sourcecode.swift; path = SearchVC.swift; sourceTree = "<group>"; };
		92CEF6E826CBAA6000BD06E9 /* ArcadeVC.swift */ = {isa = PBXFileReference; lastKnownFileType = sourcecode.swift; path = ArcadeVC.swift; sourceTree = "<group>"; };
		92CEF6EA26CBAA7000BD06E9 /* AppVC.swift */ = {isa = PBXFileReference; lastKnownFileType = sourcecode.swift; path = AppVC.swift; sourceTree = "<group>"; };
		92CEF6EC26CBB96F00BD06E9 /* GameViewModel.swift */ = {isa = PBXFileReference; lastKnownFileType = sourcecode.swift; path = GameViewModel.swift; sourceTree = "<group>"; };
		92CEF6EE26CBD42B00BD06E9 /* IntroTVC.swift */ = {isa = PBXFileReference; lastKnownFileType = sourcecode.swift; path = IntroTVC.swift; sourceTree = "<group>"; };
		92CEF6F026CBD44C00BD06E9 /* IntroCVC.swift */ = {isa = PBXFileReference; lastKnownFileType = sourcecode.swift; path = IntroCVC.swift; sourceTree = "<group>"; };
		92D15FC826BB989900EACA9F /* UIView+.swift */ = {isa = PBXFileReference; lastKnownFileType = sourcecode.swift; path = "UIView+.swift"; sourceTree = "<group>"; };
		92D15FD326BBAC4E00EACA9F /* CALayer+.swift */ = {isa = PBXFileReference; lastKnownFileType = sourcecode.swift; path = "CALayer+.swift"; sourceTree = "<group>"; };
		92D1602126BD07BC00EACA9F /* TabBarController.swift */ = {isa = PBXFileReference; lastKnownFileType = sourcecode.swift; path = TabBarController.swift; sourceTree = "<group>"; };
		92D1602426BD090100EACA9F /* GameVC.swift */ = {isa = PBXFileReference; lastKnownFileType = sourcecode.swift; path = GameVC.swift; sourceTree = "<group>"; };
		92D1602626BD24DF00EACA9F /* UIViewController+.swift */ = {isa = PBXFileReference; lastKnownFileType = sourcecode.swift; path = "UIViewController+.swift"; sourceTree = "<group>"; };
		92D1602E26BD41E800EACA9F /* Game.swift */ = {isa = PBXFileReference; lastKnownFileType = sourcecode.swift; path = Game.swift; sourceTree = "<group>"; };
		92D1603426BD573100EACA9F /* GameTVC.swift */ = {isa = PBXFileReference; lastKnownFileType = sourcecode.swift; path = GameTVC.swift; sourceTree = "<group>"; };
		92D1603626BD59DD00EACA9F /* GameCVC.swift */ = {isa = PBXFileReference; lastKnownFileType = sourcecode.swift; path = GameCVC.swift; sourceTree = "<group>"; };
		92DEFBFF26BAD4D900D16F79 /* AppStore-iOS.app */ = {isa = PBXFileReference; explicitFileType = wrapper.application; includeInIndex = 0; path = "AppStore-iOS.app"; sourceTree = BUILT_PRODUCTS_DIR; };
		92DEFC0226BAD4D900D16F79 /* AppDelegate.swift */ = {isa = PBXFileReference; lastKnownFileType = sourcecode.swift; path = AppDelegate.swift; sourceTree = "<group>"; };
		92DEFC0426BAD4D900D16F79 /* SceneDelegate.swift */ = {isa = PBXFileReference; lastKnownFileType = sourcecode.swift; path = SceneDelegate.swift; sourceTree = "<group>"; };
		92DEFC0B26BAD4DA00D16F79 /* Assets.xcassets */ = {isa = PBXFileReference; lastKnownFileType = folder.assetcatalog; path = Assets.xcassets; sourceTree = "<group>"; };
		92DEFC0E26BAD4DA00D16F79 /* Base */ = {isa = PBXFileReference; lastKnownFileType = file.storyboard; name = Base; path = Base.lproj/LaunchScreen.storyboard; sourceTree = "<group>"; };
		92DEFC1026BAD4DA00D16F79 /* Info.plist */ = {isa = PBXFileReference; lastKnownFileType = text.plist.xml; path = Info.plist; sourceTree = "<group>"; };
		B225B8114545233174E12DCF /* Pods-AppStore-iOS.release.xcconfig */ = {isa = PBXFileReference; includeInIndex = 1; lastKnownFileType = text.xcconfig; name = "Pods-AppStore-iOS.release.xcconfig"; path = "Target Support Files/Pods-AppStore-iOS/Pods-AppStore-iOS.release.xcconfig"; sourceTree = "<group>"; };
		DF0A8D0270559892E3C1DE10 /* Pods_AppStore_iOS.framework */ = {isa = PBXFileReference; explicitFileType = wrapper.framework; includeInIndex = 0; path = Pods_AppStore_iOS.framework; sourceTree = BUILT_PRODUCTS_DIR; };
		F1C322FB4DD7EAA4EE6A2A00 /* Pods-AppStore-iOS.debug.xcconfig */ = {isa = PBXFileReference; includeInIndex = 1; lastKnownFileType = text.xcconfig; name = "Pods-AppStore-iOS.debug.xcconfig"; path = "Target Support Files/Pods-AppStore-iOS/Pods-AppStore-iOS.debug.xcconfig"; sourceTree = "<group>"; };
/* End PBXFileReference section */

/* Begin PBXFrameworksBuildPhase section */
		92DEFBFC26BAD4D900D16F79 /* Frameworks */ = {
			isa = PBXFrameworksBuildPhase;
			buildActionMask = 2147483647;
			files = (
				EB411D39B8F326A0DF23B42E /* Pods_AppStore_iOS.framework in Frameworks */,
			);
			runOnlyForDeploymentPostprocessing = 0;
		};
/* End PBXFrameworksBuildPhase section */

/* Begin PBXGroup section */
		89FCAC7256527C74A4B6F5CF /* Frameworks */ = {
			isa = PBXGroup;
			children = (
				DF0A8D0270559892E3C1DE10 /* Pods_AppStore_iOS.framework */,
			);
			name = Frameworks;
			sourceTree = "<group>";
		};
		92CEF6E326CBAA2900BD06E9 /* App */ = {
			isa = PBXGroup;
			children = (
				92CEF6EA26CBAA7000BD06E9 /* AppVC.swift */,
			);
			path = App;
			sourceTree = "<group>";
		};
		92CEF6E426CBAA3000BD06E9 /* Arcade */ = {
			isa = PBXGroup;
			children = (
				92CEF6E826CBAA6000BD06E9 /* ArcadeVC.swift */,
			);
			path = Arcade;
			sourceTree = "<group>";
		};
		92CEF6E526CBAA3900BD06E9 /* Search */ = {
			isa = PBXGroup;
			children = (
				92CEF6E626CBAA4C00BD06E9 /* SearchVC.swift */,
			);
			path = Search;
			sourceTree = "<group>";
		};
		92D15FC326BB8A8900EACA9F /* Resources */ = {
			isa = PBXGroup;
			children = (
				92D15FCA26BB989E00EACA9F /* Extensions */,
				92DEFC0B26BAD4DA00D16F79 /* Assets.xcassets */,
				92DEFC0D26BAD4DA00D16F79 /* LaunchScreen.storyboard */,
			);
			path = Resources;
			sourceTree = "<group>";
		};
		92D15FC426BB8A9E00EACA9F /* Sources */ = {
			isa = PBXGroup;
			children = (
				92CEF6E526CBAA3900BD06E9 /* Search */,
				92CEF6E426CBAA3000BD06E9 /* Arcade */,
				92CEF6E326CBAA2900BD06E9 /* App */,
				92D1602326BD08E700EACA9F /* Game */,
				92D15FC526BB956600EACA9F /* Today */,
				92D1602026BD07A100EACA9F /* Common */,
			);
			path = Sources;
			sourceTree = "<group>";
		};
		92D15FC526BB956600EACA9F /* Today */ = {
			isa = PBXGroup;
			children = (
				92640D1326D6838700391C97 /* TodayVC.swift */,
			);
			path = Today;
			sourceTree = "<group>";
		};
		92D15FCA26BB989E00EACA9F /* Extensions */ = {
			isa = PBXGroup;
			children = (
				92D15FC826BB989900EACA9F /* UIView+.swift */,
				92D15FD326BBAC4E00EACA9F /* CALayer+.swift */,
				92D1602626BD24DF00EACA9F /* UIViewController+.swift */,
				92CEF6D926CB7E3600BD06E9 /* UIScreen+.swift */,
			);
			path = Extensions;
			sourceTree = "<group>";
		};
		92D1602026BD07A100EACA9F /* Common */ = {
			isa = PBXGroup;
			children = (
				92D1602126BD07BC00EACA9F /* TabBarController.swift */,
				92CEF6DF26CB851D00BD06E9 /* ListHeaderView.swift */,
			);
			path = Common;
			sourceTree = "<group>";
		};
		92D1602326BD08E700EACA9F /* Game */ = {
			isa = PBXGroup;
			children = (
				92D1602D26BD41C100EACA9F /* Cells */,
				92D1602C26BD41B600EACA9F /* ViewModels */,
				92D1602A26BD419A00EACA9F /* ViewControllers */,
				92D1602B26BD41AE00EACA9F /* Models */,
			);
			path = Game;
			sourceTree = "<group>";
		};
		92D1602A26BD419A00EACA9F /* ViewControllers */ = {
			isa = PBXGroup;
			children = (
				92D1602426BD090100EACA9F /* GameVC.swift */,
			);
			path = ViewControllers;
			sourceTree = "<group>";
		};
		92D1602B26BD41AE00EACA9F /* Models */ = {
			isa = PBXGroup;
			children = (
				92D1602E26BD41E800EACA9F /* Game.swift */,
			);
			path = Models;
			sourceTree = "<group>";
		};
		92D1602C26BD41B600EACA9F /* ViewModels */ = {
			isa = PBXGroup;
			children = (
				92CEF6EC26CBB96F00BD06E9 /* GameViewModel.swift */,
			);
			path = ViewModels;
			sourceTree = "<group>";
		};
		92D1602D26BD41C100EACA9F /* Cells */ = {
			isa = PBXGroup;
			children = (
				92D1603426BD573100EACA9F /* GameTVC.swift */,
				92D1603626BD59DD00EACA9F /* GameCVC.swift */,
				92CEF6DB26CB82BD00BD06E9 /* ListTVC.swift */,
				92CEF6DD26CB843600BD06E9 /* ListCVC.swift */,
				92CEF6E126CB8E5F00BD06E9 /* ListInTVC.swift */,
				92CEF6EE26CBD42B00BD06E9 /* IntroTVC.swift */,
				92CEF6F026CBD44C00BD06E9 /* IntroCVC.swift */,
			);
			path = Cells;
			sourceTree = "<group>";
		};
		92DEFBF626BAD4D900D16F79 = {
			isa = PBXGroup;
			children = (
				92DEFC0126BAD4D900D16F79 /* AppStore-iOS */,
				92DEFC0026BAD4D900D16F79 /* Products */,
				C07E75AABFC1E6E06F16C5E2 /* Pods */,
				89FCAC7256527C74A4B6F5CF /* Frameworks */,
			);
			sourceTree = "<group>";
		};
		92DEFC0026BAD4D900D16F79 /* Products */ = {
			isa = PBXGroup;
			children = (
				92DEFBFF26BAD4D900D16F79 /* AppStore-iOS.app */,
			);
			name = Products;
			sourceTree = "<group>";
		};
		92DEFC0126BAD4D900D16F79 /* AppStore-iOS */ = {
			isa = PBXGroup;
			children = (
				92DEFC0226BAD4D900D16F79 /* AppDelegate.swift */,
				92DEFC0426BAD4D900D16F79 /* SceneDelegate.swift */,
				92DEFC1026BAD4DA00D16F79 /* Info.plist */,
				92D15FC326BB8A8900EACA9F /* Resources */,
				92D15FC426BB8A9E00EACA9F /* Sources */,
			);
			path = "AppStore-iOS";
			sourceTree = "<group>";
		};
		C07E75AABFC1E6E06F16C5E2 /* Pods */ = {
			isa = PBXGroup;
			children = (
				F1C322FB4DD7EAA4EE6A2A00 /* Pods-AppStore-iOS.debug.xcconfig */,
				B225B8114545233174E12DCF /* Pods-AppStore-iOS.release.xcconfig */,
			);
			path = Pods;
			sourceTree = "<group>";
		};
/* End PBXGroup section */

/* Begin PBXNativeTarget section */
		92DEFBFE26BAD4D900D16F79 /* AppStore-iOS */ = {
			isa = PBXNativeTarget;
			buildConfigurationList = 92DEFC1326BAD4DA00D16F79 /* Build configuration list for PBXNativeTarget "AppStore-iOS" */;
			buildPhases = (
				F44089D0EF71AE0B42E51F03 /* [CP] Check Pods Manifest.lock */,
				92DEFBFB26BAD4D900D16F79 /* Sources */,
				92DEFBFC26BAD4D900D16F79 /* Frameworks */,
				92DEFBFD26BAD4D900D16F79 /* Resources */,
				D92EEC6F11BA3B2DFAB4CA74 /* [CP] Embed Pods Frameworks */,
			);
			buildRules = (
			);
			dependencies = (
			);
			name = "AppStore-iOS";
			productName = "AppStore-iOS";
			productReference = 92DEFBFF26BAD4D900D16F79 /* AppStore-iOS.app */;
			productType = "com.apple.product-type.application";
		};
/* End PBXNativeTarget section */

/* Begin PBXProject section */
		92DEFBF726BAD4D900D16F79 /* Project object */ = {
			isa = PBXProject;
			attributes = {
				LastSwiftUpdateCheck = 1250;
				LastUpgradeCheck = 1250;
				TargetAttributes = {
					92DEFBFE26BAD4D900D16F79 = {
						CreatedOnToolsVersion = 12.5.1;
					};
				};
			};
			buildConfigurationList = 92DEFBFA26BAD4D900D16F79 /* Build configuration list for PBXProject "AppStore-iOS" */;
			compatibilityVersion = "Xcode 9.3";
			developmentRegion = en;
			hasScannedForEncodings = 0;
			knownRegions = (
				en,
				Base,
			);
			mainGroup = 92DEFBF626BAD4D900D16F79;
			productRefGroup = 92DEFC0026BAD4D900D16F79 /* Products */;
			projectDirPath = "";
			projectRoot = "";
			targets = (
				92DEFBFE26BAD4D900D16F79 /* AppStore-iOS */,
			);
		};
/* End PBXProject section */

/* Begin PBXResourcesBuildPhase section */
		92DEFBFD26BAD4D900D16F79 /* Resources */ = {
			isa = PBXResourcesBuildPhase;
			buildActionMask = 2147483647;
			files = (
				92DEFC0F26BAD4DA00D16F79 /* LaunchScreen.storyboard in Resources */,
				92DEFC0C26BAD4DA00D16F79 /* Assets.xcassets in Resources */,
			);
			runOnlyForDeploymentPostprocessing = 0;
		};
/* End PBXResourcesBuildPhase section */

/* Begin PBXShellScriptBuildPhase section */
		D92EEC6F11BA3B2DFAB4CA74 /* [CP] Embed Pods Frameworks */ = {
			isa = PBXShellScriptBuildPhase;
			buildActionMask = 2147483647;
			files = (
			);
			inputFileListPaths = (
				"${PODS_ROOT}/Target Support Files/Pods-AppStore-iOS/Pods-AppStore-iOS-frameworks-${CONFIGURATION}-input-files.xcfilelist",
			);
			name = "[CP] Embed Pods Frameworks";
			outputFileListPaths = (
				"${PODS_ROOT}/Target Support Files/Pods-AppStore-iOS/Pods-AppStore-iOS-frameworks-${CONFIGURATION}-output-files.xcfilelist",
			);
			runOnlyForDeploymentPostprocessing = 0;
			shellPath = /bin/sh;
			shellScript = "\"${PODS_ROOT}/Target Support Files/Pods-AppStore-iOS/Pods-AppStore-iOS-frameworks.sh\"\n";
			showEnvVarsInLog = 0;
		};
		F44089D0EF71AE0B42E51F03 /* [CP] Check Pods Manifest.lock */ = {
			isa = PBXShellScriptBuildPhase;
			buildActionMask = 2147483647;
			files = (
			);
			inputFileListPaths = (
			);
			inputPaths = (
				"${PODS_PODFILE_DIR_PATH}/Podfile.lock",
				"${PODS_ROOT}/Manifest.lock",
			);
			name = "[CP] Check Pods Manifest.lock";
			outputFileListPaths = (
			);
			outputPaths = (
				"$(DERIVED_FILE_DIR)/Pods-AppStore-iOS-checkManifestLockResult.txt",
			);
			runOnlyForDeploymentPostprocessing = 0;
			shellPath = /bin/sh;
			shellScript = "diff \"${PODS_PODFILE_DIR_PATH}/Podfile.lock\" \"${PODS_ROOT}/Manifest.lock\" > /dev/null\nif [ $? != 0 ] ; then\n    # print error to STDERR\n    echo \"error: The sandbox is not in sync with the Podfile.lock. Run 'pod install' or update your CocoaPods installation.\" >&2\n    exit 1\nfi\n# This output is used by Xcode 'outputs' to avoid re-running this script phase.\necho \"SUCCESS\" > \"${SCRIPT_OUTPUT_FILE_0}\"\n";
			showEnvVarsInLog = 0;
		};
/* End PBXShellScriptBuildPhase section */

/* Begin PBXSourcesBuildPhase section */
		92DEFBFB26BAD4D900D16F79 /* Sources */ = {
			isa = PBXSourcesBuildPhase;
			buildActionMask = 2147483647;
			files = (
				92D15FD426BBAC4E00EACA9F /* CALayer+.swift in Sources */,
				92D1602226BD07BC00EACA9F /* TabBarController.swift in Sources */,
				92CEF6EF26CBD42B00BD06E9 /* IntroTVC.swift in Sources */,
				92D1603726BD59DD00EACA9F /* GameCVC.swift in Sources */,
				92640D1426D6838700391C97 /* TodayVC.swift in Sources */,
				92CEF6E226CB8E5F00BD06E9 /* ListInTVC.swift in Sources */,
				92CEF6DE26CB843600BD06E9 /* ListCVC.swift in Sources */,
				92CEF6ED26CBB96F00BD06E9 /* GameViewModel.swift in Sources */,
				92CEF6DA26CB7E3600BD06E9 /* UIScreen+.swift in Sources */,
				92CEF6F126CBD44C00BD06E9 /* IntroCVC.swift in Sources */,
				92D1602F26BD41E800EACA9F /* Game.swift in Sources */,
				92CEF6E926CBAA6000BD06E9 /* ArcadeVC.swift in Sources */,
				92CEF6DC26CB82BD00BD06E9 /* ListTVC.swift in Sources */,
				92DEFC0326BAD4D900D16F79 /* AppDelegate.swift in Sources */,
				92DEFC0526BAD4D900D16F79 /* SceneDelegate.swift in Sources */,
				92CEF6E726CBAA4C00BD06E9 /* SearchVC.swift in Sources */,
				92CEF6E026CB851D00BD06E9 /* ListHeaderView.swift in Sources */,
				92D1602726BD24DF00EACA9F /* UIViewController+.swift in Sources */,
				92D15FC926BB989900EACA9F /* UIView+.swift in Sources */,
				92D1602526BD090100EACA9F /* GameVC.swift in Sources */,
				92D1603526BD573100EACA9F /* GameTVC.swift in Sources */,
				92CEF6EB26CBAA7000BD06E9 /* AppVC.swift in Sources */,
			);
			runOnlyForDeploymentPostprocessing = 0;
		};
/* End PBXSourcesBuildPhase section */

/* Begin PBXVariantGroup section */
		92DEFC0D26BAD4DA00D16F79 /* LaunchScreen.storyboard */ = {
			isa = PBXVariantGroup;
			children = (
				92DEFC0E26BAD4DA00D16F79 /* Base */,
			);
			name = LaunchScreen.storyboard;
			sourceTree = "<group>";
		};
/* End PBXVariantGroup section */

/* Begin XCBuildConfiguration section */
		92DEFC1126BAD4DA00D16F79 /* Debug */ = {
			isa = XCBuildConfiguration;
			buildSettings = {
				ALWAYS_SEARCH_USER_PATHS = NO;
				CLANG_ANALYZER_NONNULL = YES;
				CLANG_ANALYZER_NUMBER_OBJECT_CONVERSION = YES_AGGRESSIVE;
				CLANG_CXX_LANGUAGE_STANDARD = "gnu++14";
				CLANG_CXX_LIBRARY = "libc++";
				CLANG_ENABLE_MODULES = YES;
				CLANG_ENABLE_OBJC_ARC = YES;
				CLANG_ENABLE_OBJC_WEAK = YES;
				CLANG_WARN_BLOCK_CAPTURE_AUTORELEASING = YES;
				CLANG_WARN_BOOL_CONVERSION = YES;
				CLANG_WARN_COMMA = YES;
				CLANG_WARN_CONSTANT_CONVERSION = YES;
				CLANG_WARN_DEPRECATED_OBJC_IMPLEMENTATIONS = YES;
				CLANG_WARN_DIRECT_OBJC_ISA_USAGE = YES_ERROR;
				CLANG_WARN_DOCUMENTATION_COMMENTS = YES;
				CLANG_WARN_EMPTY_BODY = YES;
				CLANG_WARN_ENUM_CONVERSION = YES;
				CLANG_WARN_INFINITE_RECURSION = YES;
				CLANG_WARN_INT_CONVERSION = YES;
				CLANG_WARN_NON_LITERAL_NULL_CONVERSION = YES;
				CLANG_WARN_OBJC_IMPLICIT_RETAIN_SELF = YES;
				CLANG_WARN_OBJC_LITERAL_CONVERSION = YES;
				CLANG_WARN_OBJC_ROOT_CLASS = YES_ERROR;
				CLANG_WARN_QUOTED_INCLUDE_IN_FRAMEWORK_HEADER = YES;
				CLANG_WARN_RANGE_LOOP_ANALYSIS = YES;
				CLANG_WARN_STRICT_PROTOTYPES = YES;
				CLANG_WARN_SUSPICIOUS_MOVE = YES;
				CLANG_WARN_UNGUARDED_AVAILABILITY = YES_AGGRESSIVE;
				CLANG_WARN_UNREACHABLE_CODE = YES;
				CLANG_WARN__DUPLICATE_METHOD_MATCH = YES;
				COPY_PHASE_STRIP = NO;
				DEBUG_INFORMATION_FORMAT = dwarf;
				ENABLE_STRICT_OBJC_MSGSEND = YES;
				ENABLE_TESTABILITY = YES;
				GCC_C_LANGUAGE_STANDARD = gnu11;
				GCC_DYNAMIC_NO_PIC = NO;
				GCC_NO_COMMON_BLOCKS = YES;
				GCC_OPTIMIZATION_LEVEL = 0;
				GCC_PREPROCESSOR_DEFINITIONS = (
					"DEBUG=1",
					"$(inherited)",
				);
				GCC_WARN_64_TO_32_BIT_CONVERSION = YES;
				GCC_WARN_ABOUT_RETURN_TYPE = YES_ERROR;
				GCC_WARN_UNDECLARED_SELECTOR = YES;
				GCC_WARN_UNINITIALIZED_AUTOS = YES_AGGRESSIVE;
				GCC_WARN_UNUSED_FUNCTION = YES;
				GCC_WARN_UNUSED_VARIABLE = YES;
				IPHONEOS_DEPLOYMENT_TARGET = 14.5;
				MTL_ENABLE_DEBUG_INFO = INCLUDE_SOURCE;
				MTL_FAST_MATH = YES;
				ONLY_ACTIVE_ARCH = YES;
				SDKROOT = iphoneos;
				SWIFT_ACTIVE_COMPILATION_CONDITIONS = DEBUG;
				SWIFT_OPTIMIZATION_LEVEL = "-Onone";
			};
			name = Debug;
		};
		92DEFC1226BAD4DA00D16F79 /* Release */ = {
			isa = XCBuildConfiguration;
			buildSettings = {
				ALWAYS_SEARCH_USER_PATHS = NO;
				CLANG_ANALYZER_NONNULL = YES;
				CLANG_ANALYZER_NUMBER_OBJECT_CONVERSION = YES_AGGRESSIVE;
				CLANG_CXX_LANGUAGE_STANDARD = "gnu++14";
				CLANG_CXX_LIBRARY = "libc++";
				CLANG_ENABLE_MODULES = YES;
				CLANG_ENABLE_OBJC_ARC = YES;
				CLANG_ENABLE_OBJC_WEAK = YES;
				CLANG_WARN_BLOCK_CAPTURE_AUTORELEASING = YES;
				CLANG_WARN_BOOL_CONVERSION = YES;
				CLANG_WARN_COMMA = YES;
				CLANG_WARN_CONSTANT_CONVERSION = YES;
				CLANG_WARN_DEPRECATED_OBJC_IMPLEMENTATIONS = YES;
				CLANG_WARN_DIRECT_OBJC_ISA_USAGE = YES_ERROR;
				CLANG_WARN_DOCUMENTATION_COMMENTS = YES;
				CLANG_WARN_EMPTY_BODY = YES;
				CLANG_WARN_ENUM_CONVERSION = YES;
				CLANG_WARN_INFINITE_RECURSION = YES;
				CLANG_WARN_INT_CONVERSION = YES;
				CLANG_WARN_NON_LITERAL_NULL_CONVERSION = YES;
				CLANG_WARN_OBJC_IMPLICIT_RETAIN_SELF = YES;
				CLANG_WARN_OBJC_LITERAL_CONVERSION = YES;
				CLANG_WARN_OBJC_ROOT_CLASS = YES_ERROR;
				CLANG_WARN_QUOTED_INCLUDE_IN_FRAMEWORK_HEADER = YES;
				CLANG_WARN_RANGE_LOOP_ANALYSIS = YES;
				CLANG_WARN_STRICT_PROTOTYPES = YES;
				CLANG_WARN_SUSPICIOUS_MOVE = YES;
				CLANG_WARN_UNGUARDED_AVAILABILITY = YES_AGGRESSIVE;
				CLANG_WARN_UNREACHABLE_CODE = YES;
				CLANG_WARN__DUPLICATE_METHOD_MATCH = YES;
				COPY_PHASE_STRIP = NO;
				DEBUG_INFORMATION_FORMAT = "dwarf-with-dsym";
				ENABLE_NS_ASSERTIONS = NO;
				ENABLE_STRICT_OBJC_MSGSEND = YES;
				GCC_C_LANGUAGE_STANDARD = gnu11;
				GCC_NO_COMMON_BLOCKS = YES;
				GCC_WARN_64_TO_32_BIT_CONVERSION = YES;
				GCC_WARN_ABOUT_RETURN_TYPE = YES_ERROR;
				GCC_WARN_UNDECLARED_SELECTOR = YES;
				GCC_WARN_UNINITIALIZED_AUTOS = YES_AGGRESSIVE;
				GCC_WARN_UNUSED_FUNCTION = YES;
				GCC_WARN_UNUSED_VARIABLE = YES;
				IPHONEOS_DEPLOYMENT_TARGET = 14.5;
				MTL_ENABLE_DEBUG_INFO = NO;
				MTL_FAST_MATH = YES;
				SDKROOT = iphoneos;
				SWIFT_COMPILATION_MODE = wholemodule;
				SWIFT_OPTIMIZATION_LEVEL = "-O";
				VALIDATE_PRODUCT = YES;
			};
			name = Release;
		};
		92DEFC1426BAD4DA00D16F79 /* Debug */ = {
			isa = XCBuildConfiguration;
			baseConfigurationReference = F1C322FB4DD7EAA4EE6A2A00 /* Pods-AppStore-iOS.debug.xcconfig */;
			buildSettings = {
				ASSETCATALOG_COMPILER_APPICON_NAME = AppIcon;
				ASSETCATALOG_COMPILER_GLOBAL_ACCENT_COLOR_NAME = AccentColor;
				CODE_SIGN_STYLE = Automatic;
				DEVELOPMENT_TEAM = PU64TS56AD;
				INFOPLIST_FILE = "AppStore-iOS/Info.plist";
				LD_RUNPATH_SEARCH_PATHS = (
					"$(inherited)",
					"@executable_path/Frameworks",
				);
				PRODUCT_BUNDLE_IDENTIFIER = "soyeon.AppStore-iOS";
				PRODUCT_NAME = "$(TARGET_NAME)";
				SWIFT_VERSION = 5.0;
				TARGETED_DEVICE_FAMILY = "1,2";
			};
			name = Debug;
		};
		92DEFC1526BAD4DA00D16F79 /* Release */ = {
			isa = XCBuildConfiguration;
			baseConfigurationReference = B225B8114545233174E12DCF /* Pods-AppStore-iOS.release.xcconfig */;
			buildSettings = {
				ASSETCATALOG_COMPILER_APPICON_NAME = AppIcon;
				ASSETCATALOG_COMPILER_GLOBAL_ACCENT_COLOR_NAME = AccentColor;
				CODE_SIGN_STYLE = Automatic;
				DEVELOPMENT_TEAM = PU64TS56AD;
				INFOPLIST_FILE = "AppStore-iOS/Info.plist";
				LD_RUNPATH_SEARCH_PATHS = (
					"$(inherited)",
					"@executable_path/Frameworks",
				);
				PRODUCT_BUNDLE_IDENTIFIER = "soyeon.AppStore-iOS";
				PRODUCT_NAME = "$(TARGET_NAME)";
				SWIFT_VERSION = 5.0;
				TARGETED_DEVICE_FAMILY = "1,2";
			};
			name = Release;
		};
/* End XCBuildConfiguration section */

/* Begin XCConfigurationList section */
		92DEFBFA26BAD4D900D16F79 /* Build configuration list for PBXProject "AppStore-iOS" */ = {
			isa = XCConfigurationList;
			buildConfigurations = (
				92DEFC1126BAD4DA00D16F79 /* Debug */,
				92DEFC1226BAD4DA00D16F79 /* Release */,
			);
			defaultConfigurationIsVisible = 0;
			defaultConfigurationName = Release;
		};
		92DEFC1326BAD4DA00D16F79 /* Build configuration list for PBXNativeTarget "AppStore-iOS" */ = {
			isa = XCConfigurationList;
			buildConfigurations = (
				92DEFC1426BAD4DA00D16F79 /* Debug */,
				92DEFC1526BAD4DA00D16F79 /* Release */,
			);
			defaultConfigurationIsVisible = 0;
			defaultConfigurationName = Release;
		};
/* End XCConfigurationList section */
	};
	rootObject = 92DEFBF726BAD4D900D16F79 /* Project object */;
}
