// !$*UTF8*$!
{
	archiveVersion = 1;
	classes = {
	};
	objectVersion = 50;
	objects = {

/* Begin PBXBuildFile section */
		9252EB6F2769AB8500809FEA /* TabBarViewController.swift in Sources */ = {isa = PBXBuildFile; fileRef = 9252EB6E2769AB8500809FEA /* TabBarViewController.swift */; };
		9252EB712769ABB400809FEA /* SearchViewController.swift in Sources */ = {isa = PBXBuildFile; fileRef = 9252EB702769ABB400809FEA /* SearchViewController.swift */; };
		9252EB732769ABC300809FEA /* LibraryViewController.swift in Sources */ = {isa = PBXBuildFile; fileRef = 9252EB722769ABC300809FEA /* LibraryViewController.swift */; };
		9252EB772769AC0200809FEA /* AuthViewController.swift in Sources */ = {isa = PBXBuildFile; fileRef = 9252EB762769AC0200809FEA /* AuthViewController.swift */; };
		9252EB792769AC0A00809FEA /* WelcomeViewController.swift in Sources */ = {isa = PBXBuildFile; fileRef = 9252EB782769AC0A00809FEA /* WelcomeViewController.swift */; };
		9252EB7B2769AC1900809FEA /* SettingsViewController.swift in Sources */ = {isa = PBXBuildFile; fileRef = 9252EB7A2769AC1900809FEA /* SettingsViewController.swift */; };
		9252EB7D2769AC2700809FEA /* ProfileViewController.swift in Sources */ = {isa = PBXBuildFile; fileRef = 9252EB7C2769AC2700809FEA /* ProfileViewController.swift */; };
		9252EB7F2769AC3400809FEA /* PlayerViewController.swift in Sources */ = {isa = PBXBuildFile; fileRef = 9252EB7E2769AC3400809FEA /* PlayerViewController.swift */; };
		9252EB812769AC4100809FEA /* PlaylistViewController.swift in Sources */ = {isa = PBXBuildFile; fileRef = 9252EB802769AC4100809FEA /* PlaylistViewController.swift */; };
		9252EB832769AC5E00809FEA /* SearchResultViewController.swift in Sources */ = {isa = PBXBuildFile; fileRef = 9252EB822769AC5E00809FEA /* SearchResultViewController.swift */; };
		9252EB852769AD1800809FEA /* AuthManager.swift in Sources */ = {isa = PBXBuildFile; fileRef = 9252EB842769AD1800809FEA /* AuthManager.swift */; };
		9252EB872769AD2200809FEA /* APICaller.swift in Sources */ = {isa = PBXBuildFile; fileRef = 9252EB862769AD2200809FEA /* APICaller.swift */; };
		9252EB892769AD3000809FEA /* HapticsManager.swift in Sources */ = {isa = PBXBuildFile; fileRef = 9252EB882769AD3000809FEA /* HapticsManager.swift */; };
		9252EB8C2769AD5B00809FEA /* Playlist.swift in Sources */ = {isa = PBXBuildFile; fileRef = 9252EB8B2769AD5B00809FEA /* Playlist.swift */; };
		9252EB8E2769AD6700809FEA /* AudioTrack.swift in Sources */ = {isa = PBXBuildFile; fileRef = 9252EB8D2769AD6700809FEA /* AudioTrack.swift */; };
		9252EB902769AD6E00809FEA /* Artist.swift in Sources */ = {isa = PBXBuildFile; fileRef = 9252EB8F2769AD6E00809FEA /* Artist.swift */; };
		9252EB922769AD8100809FEA /* UserProfile.swift in Sources */ = {isa = PBXBuildFile; fileRef = 9252EB912769AD8100809FEA /* UserProfile.swift */; };
		92915FF626E1ED6D00542963 /* AppDelegate.swift in Sources */ = {isa = PBXBuildFile; fileRef = 92915FF526E1ED6D00542963 /* AppDelegate.swift */; };
		92915FF826E1ED6D00542963 /* SceneDelegate.swift in Sources */ = {isa = PBXBuildFile; fileRef = 92915FF726E1ED6D00542963 /* SceneDelegate.swift */; };
		92915FFA26E1ED6D00542963 /* HomeViewController.swift in Sources */ = {isa = PBXBuildFile; fileRef = 92915FF926E1ED6D00542963 /* HomeViewController.swift */; };
		92915FFF26E1ED6F00542963 /* Assets.xcassets in Resources */ = {isa = PBXBuildFile; fileRef = 92915FFE26E1ED6F00542963 /* Assets.xcassets */; };
		9291600226E1ED6F00542963 /* LaunchScreen.storyboard in Resources */ = {isa = PBXBuildFile; fileRef = 9291600026E1ED6F00542963 /* LaunchScreen.storyboard */; };
/* End PBXBuildFile section */

/* Begin PBXFileReference section */
		9252EB6E2769AB8500809FEA /* TabBarViewController.swift */ = {isa = PBXFileReference; lastKnownFileType = sourcecode.swift; path = TabBarViewController.swift; sourceTree = "<group>"; };
		9252EB702769ABB400809FEA /* SearchViewController.swift */ = {isa = PBXFileReference; lastKnownFileType = sourcecode.swift; path = SearchViewController.swift; sourceTree = "<group>"; };
		9252EB722769ABC300809FEA /* LibraryViewController.swift */ = {isa = PBXFileReference; lastKnownFileType = sourcecode.swift; path = LibraryViewController.swift; sourceTree = "<group>"; };
		9252EB762769AC0200809FEA /* AuthViewController.swift */ = {isa = PBXFileReference; lastKnownFileType = sourcecode.swift; path = AuthViewController.swift; sourceTree = "<group>"; };
		9252EB782769AC0A00809FEA /* WelcomeViewController.swift */ = {isa = PBXFileReference; lastKnownFileType = sourcecode.swift; path = WelcomeViewController.swift; sourceTree = "<group>"; };
		9252EB7A2769AC1900809FEA /* SettingsViewController.swift */ = {isa = PBXFileReference; lastKnownFileType = sourcecode.swift; path = SettingsViewController.swift; sourceTree = "<group>"; };
		9252EB7C2769AC2700809FEA /* ProfileViewController.swift */ = {isa = PBXFileReference; lastKnownFileType = sourcecode.swift; path = ProfileViewController.swift; sourceTree = "<group>"; };
		9252EB7E2769AC3400809FEA /* PlayerViewController.swift */ = {isa = PBXFileReference; lastKnownFileType = sourcecode.swift; path = PlayerViewController.swift; sourceTree = "<group>"; };
		9252EB802769AC4100809FEA /* PlaylistViewController.swift */ = {isa = PBXFileReference; lastKnownFileType = sourcecode.swift; path = PlaylistViewController.swift; sourceTree = "<group>"; };
		9252EB822769AC5E00809FEA /* SearchResultViewController.swift */ = {isa = PBXFileReference; lastKnownFileType = sourcecode.swift; path = SearchResultViewController.swift; sourceTree = "<group>"; };
		9252EB842769AD1800809FEA /* AuthManager.swift */ = {isa = PBXFileReference; lastKnownFileType = sourcecode.swift; path = AuthManager.swift; sourceTree = "<group>"; };
		9252EB862769AD2200809FEA /* APICaller.swift */ = {isa = PBXFileReference; lastKnownFileType = sourcecode.swift; path = APICaller.swift; sourceTree = "<group>"; };
		9252EB882769AD3000809FEA /* HapticsManager.swift */ = {isa = PBXFileReference; lastKnownFileType = sourcecode.swift; path = HapticsManager.swift; sourceTree = "<group>"; };
		9252EB8B2769AD5B00809FEA /* Playlist.swift */ = {isa = PBXFileReference; lastKnownFileType = sourcecode.swift; path = Playlist.swift; sourceTree = "<group>"; };
		9252EB8D2769AD6700809FEA /* AudioTrack.swift */ = {isa = PBXFileReference; lastKnownFileType = sourcecode.swift; path = AudioTrack.swift; sourceTree = "<group>"; };
		9252EB8F2769AD6E00809FEA /* Artist.swift */ = {isa = PBXFileReference; lastKnownFileType = sourcecode.swift; path = Artist.swift; sourceTree = "<group>"; };
		9252EB912769AD8100809FEA /* UserProfile.swift */ = {isa = PBXFileReference; lastKnownFileType = sourcecode.swift; path = UserProfile.swift; sourceTree = "<group>"; };
		92915FF226E1ED6D00542963 /* Spotify-iOS.app */ = {isa = PBXFileReference; explicitFileType = wrapper.application; includeInIndex = 0; path = "Spotify-iOS.app"; sourceTree = BUILT_PRODUCTS_DIR; };
		92915FF526E1ED6D00542963 /* AppDelegate.swift */ = {isa = PBXFileReference; lastKnownFileType = sourcecode.swift; path = AppDelegate.swift; sourceTree = "<group>"; };
		92915FF726E1ED6D00542963 /* SceneDelegate.swift */ = {isa = PBXFileReference; lastKnownFileType = sourcecode.swift; path = SceneDelegate.swift; sourceTree = "<group>"; };
		92915FF926E1ED6D00542963 /* HomeViewController.swift */ = {isa = PBXFileReference; lastKnownFileType = sourcecode.swift; path = HomeViewController.swift; sourceTree = "<group>"; };
		92915FFE26E1ED6F00542963 /* Assets.xcassets */ = {isa = PBXFileReference; lastKnownFileType = folder.assetcatalog; path = Assets.xcassets; sourceTree = "<group>"; };
		9291600126E1ED6F00542963 /* Base */ = {isa = PBXFileReference; lastKnownFileType = file.storyboard; name = Base; path = Base.lproj/LaunchScreen.storyboard; sourceTree = "<group>"; };
		9291600326E1ED6F00542963 /* Info.plist */ = {isa = PBXFileReference; lastKnownFileType = text.plist.xml; path = Info.plist; sourceTree = "<group>"; };
/* End PBXFileReference section */

/* Begin PBXFrameworksBuildPhase section */
		92915FEF26E1ED6D00542963 /* Frameworks */ = {
			isa = PBXFrameworksBuildPhase;
			buildActionMask = 2147483647;
			files = (
			);
			runOnlyForDeploymentPostprocessing = 0;
		};
/* End PBXFrameworksBuildPhase section */

/* Begin PBXGroup section */
		9252EB692769A9A600809FEA /* Controllers */ = {
			isa = PBXGroup;
			children = (
				9252EB752769ABF400809FEA /* Other */,
				9252EB742769ABD200809FEA /* Core */,
			);
			path = Controllers;
			sourceTree = "<group>";
		};
		9252EB6A2769A9AB00809FEA /* Views */ = {
			isa = PBXGroup;
			children = (
				9291600026E1ED6F00542963 /* LaunchScreen.storyboard */,
			);
			path = Views;
			sourceTree = "<group>";
		};
		9252EB6B2769A9B000809FEA /* ViewModels */ = {
			isa = PBXGroup;
			children = (
			);
			path = ViewModels;
			sourceTree = "<group>";
		};
		9252EB6C2769A9BB00809FEA /* Managers */ = {
			isa = PBXGroup;
			children = (
				9252EB842769AD1800809FEA /* AuthManager.swift */,
				9252EB862769AD2200809FEA /* APICaller.swift */,
				9252EB882769AD3000809FEA /* HapticsManager.swift */,
			);
			path = Managers;
			sourceTree = "<group>";
		};
		9252EB6D2769A9C600809FEA /* Resources */ = {
			isa = PBXGroup;
			children = (
				92915FFE26E1ED6F00542963 /* Assets.xcassets */,
				92915FF526E1ED6D00542963 /* AppDelegate.swift */,
				92915FF726E1ED6D00542963 /* SceneDelegate.swift */,
			);
			path = Resources;
			sourceTree = "<group>";
		};
		9252EB742769ABD200809FEA /* Core */ = {
			isa = PBXGroup;
			children = (
				9252EB6E2769AB8500809FEA /* TabBarViewController.swift */,
				92915FF926E1ED6D00542963 /* HomeViewController.swift */,
				9252EB702769ABB400809FEA /* SearchViewController.swift */,
				9252EB722769ABC300809FEA /* LibraryViewController.swift */,
			);
			path = Core;
			sourceTree = "<group>";
		};
		9252EB752769ABF400809FEA /* Other */ = {
			isa = PBXGroup;
			children = (
				9252EB762769AC0200809FEA /* AuthViewController.swift */,
				9252EB782769AC0A00809FEA /* WelcomeViewController.swift */,
				9252EB7A2769AC1900809FEA /* SettingsViewController.swift */,
				9252EB7C2769AC2700809FEA /* ProfileViewController.swift */,
				9252EB7E2769AC3400809FEA /* PlayerViewController.swift */,
				9252EB802769AC4100809FEA /* PlaylistViewController.swift */,
				9252EB822769AC5E00809FEA /* SearchResultViewController.swift */,
			);
			path = Other;
			sourceTree = "<group>";
		};
		9252EB8A2769AD4700809FEA /* Models */ = {
			isa = PBXGroup;
			children = (
				9252EB8B2769AD5B00809FEA /* Playlist.swift */,
				9252EB8D2769AD6700809FEA /* AudioTrack.swift */,
				9252EB8F2769AD6E00809FEA /* Artist.swift */,
				9252EB912769AD8100809FEA /* UserProfile.swift */,
			);
			path = Models;
			sourceTree = "<group>";
		};
		92915FE926E1ED6D00542963 = {
			isa = PBXGroup;
			children = (
				92915FF426E1ED6D00542963 /* Spotify-iOS */,
				92915FF326E1ED6D00542963 /* Products */,
			);
			sourceTree = "<group>";
		};
		92915FF326E1ED6D00542963 /* Products */ = {
			isa = PBXGroup;
			children = (
				92915FF226E1ED6D00542963 /* Spotify-iOS.app */,
			);
			name = Products;
			sourceTree = "<group>";
		};
		92915FF426E1ED6D00542963 /* Spotify-iOS */ = {
			isa = PBXGroup;
			children = (
				9291600326E1ED6F00542963 /* Info.plist */,
				9252EB6D2769A9C600809FEA /* Resources */,
				9252EB6C2769A9BB00809FEA /* Managers */,
				9252EB6B2769A9B000809FEA /* ViewModels */,
				9252EB8A2769AD4700809FEA /* Models */,
				9252EB6A2769A9AB00809FEA /* Views */,
				9252EB692769A9A600809FEA /* Controllers */,
			);
			path = "Spotify-iOS";
			sourceTree = "<group>";
		};
/* End PBXGroup section */

/* Begin PBXNativeTarget section */
		92915FF126E1ED6D00542963 /* Spotify-iOS */ = {
			isa = PBXNativeTarget;
			buildConfigurationList = 9291600626E1ED6F00542963 /* Build configuration list for PBXNativeTarget "Spotify-iOS" */;
			buildPhases = (
				92915FEE26E1ED6D00542963 /* Sources */,
				92915FEF26E1ED6D00542963 /* Frameworks */,
				92915FF026E1ED6D00542963 /* Resources */,
			);
			buildRules = (
			);
			dependencies = (
			);
			name = "Spotify-iOS";
			productName = "Spotify-iOS";
			productReference = 92915FF226E1ED6D00542963 /* Spotify-iOS.app */;
			productType = "com.apple.product-type.application";
		};
/* End PBXNativeTarget section */

/* Begin PBXProject section */
		92915FEA26E1ED6D00542963 /* Project object */ = {
			isa = PBXProject;
			attributes = {
				LastSwiftUpdateCheck = 1250;
				LastUpgradeCheck = 1250;
				TargetAttributes = {
					92915FF126E1ED6D00542963 = {
						CreatedOnToolsVersion = 12.5.1;
					};
				};
			};
			buildConfigurationList = 92915FED26E1ED6D00542963 /* Build configuration list for PBXProject "Spotify-iOS" */;
			compatibilityVersion = "Xcode 9.3";
			developmentRegion = en;
			hasScannedForEncodings = 0;
			knownRegions = (
				en,
				Base,
			);
			mainGroup = 92915FE926E1ED6D00542963;
			productRefGroup = 92915FF326E1ED6D00542963 /* Products */;
			projectDirPath = "";
			projectRoot = "";
			targets = (
				92915FF126E1ED6D00542963 /* Spotify-iOS */,
			);
		};
/* End PBXProject section */

/* Begin PBXResourcesBuildPhase section */
		92915FF026E1ED6D00542963 /* Resources */ = {
			isa = PBXResourcesBuildPhase;
			buildActionMask = 2147483647;
			files = (
				9291600226E1ED6F00542963 /* LaunchScreen.storyboard in Resources */,
				92915FFF26E1ED6F00542963 /* Assets.xcassets in Resources */,
			);
			runOnlyForDeploymentPostprocessing = 0;
		};
/* End PBXResourcesBuildPhase section */

/* Begin PBXSourcesBuildPhase section */
		92915FEE26E1ED6D00542963 /* Sources */ = {
			isa = PBXSourcesBuildPhase;
			buildActionMask = 2147483647;
			files = (
				9252EB712769ABB400809FEA /* SearchViewController.swift in Sources */,
				9252EB922769AD8100809FEA /* UserProfile.swift in Sources */,
				9252EB8C2769AD5B00809FEA /* Playlist.swift in Sources */,
				9252EB852769AD1800809FEA /* AuthManager.swift in Sources */,
				9252EB792769AC0A00809FEA /* WelcomeViewController.swift in Sources */,
				9252EB7D2769AC2700809FEA /* ProfileViewController.swift in Sources */,
				9252EB6F2769AB8500809FEA /* TabBarViewController.swift in Sources */,
				92915FFA26E1ED6D00542963 /* HomeViewController.swift in Sources */,
				9252EB892769AD3000809FEA /* HapticsManager.swift in Sources */,
				9252EB8E2769AD6700809FEA /* AudioTrack.swift in Sources */,
				9252EB772769AC0200809FEA /* AuthViewController.swift in Sources */,
				92915FF626E1ED6D00542963 /* AppDelegate.swift in Sources */,
				9252EB732769ABC300809FEA /* LibraryViewController.swift in Sources */,
				9252EB812769AC4100809FEA /* PlaylistViewController.swift in Sources */,
				9252EB902769AD6E00809FEA /* Artist.swift in Sources */,
				92915FF826E1ED6D00542963 /* SceneDelegate.swift in Sources */,
				9252EB7F2769AC3400809FEA /* PlayerViewController.swift in Sources */,
				9252EB832769AC5E00809FEA /* SearchResultViewController.swift in Sources */,
				9252EB872769AD2200809FEA /* APICaller.swift in Sources */,
				9252EB7B2769AC1900809FEA /* SettingsViewController.swift in Sources */,
			);
			runOnlyForDeploymentPostprocessing = 0;
		};
/* End PBXSourcesBuildPhase section */

/* Begin PBXVariantGroup section */
		9291600026E1ED6F00542963 /* LaunchScreen.storyboard */ = {
			isa = PBXVariantGroup;
			children = (
				9291600126E1ED6F00542963 /* Base */,
			);
			name = LaunchScreen.storyboard;
			sourceTree = "<group>";
		};
/* End PBXVariantGroup section */

/* Begin XCBuildConfiguration section */
		9291600426E1ED6F00542963 /* Debug */ = {
			isa = XCBuildConfiguration;
			buildSettings = {
				ALWAYS_SEARCH_USER_PATHS = NO;
				CLANG_ANALYZER_NONNULL = YES;
				CLANG_ANALYZER_NUMBER_OBJECT_CONVERSION = YES_AGGRESSIVE;
				CLANG_CXX_LANGUAGE_STANDARD = "gnu++14";
				CLANG_CXX_LIBRARY = "libc++";
				CLANG_ENABLE_MODULES = YES;
				CLANG_ENABLE_OBJC_ARC = YES;
				CLANG_ENABLE_OBJC_WEAK = YES;
				CLANG_WARN_BLOCK_CAPTURE_AUTORELEASING = YES;
				CLANG_WARN_BOOL_CONVERSION = YES;
				CLANG_WARN_COMMA = YES;
				CLANG_WARN_CONSTANT_CONVERSION = YES;
				CLANG_WARN_DEPRECATED_OBJC_IMPLEMENTATIONS = YES;
				CLANG_WARN_DIRECT_OBJC_ISA_USAGE = YES_ERROR;
				CLANG_WARN_DOCUMENTATION_COMMENTS = YES;
				CLANG_WARN_EMPTY_BODY = YES;
				CLANG_WARN_ENUM_CONVERSION = YES;
				CLANG_WARN_INFINITE_RECURSION = YES;
				CLANG_WARN_INT_CONVERSION = YES;
				CLANG_WARN_NON_LITERAL_NULL_CONVERSION = YES;
				CLANG_WARN_OBJC_IMPLICIT_RETAIN_SELF = YES;
				CLANG_WARN_OBJC_LITERAL_CONVERSION = YES;
				CLANG_WARN_OBJC_ROOT_CLASS = YES_ERROR;
				CLANG_WARN_QUOTED_INCLUDE_IN_FRAMEWORK_HEADER = YES;
				CLANG_WARN_RANGE_LOOP_ANALYSIS = YES;
				CLANG_WARN_STRICT_PROTOTYPES = YES;
				CLANG_WARN_SUSPICIOUS_MOVE = YES;
				CLANG_WARN_UNGUARDED_AVAILABILITY = YES_AGGRESSIVE;
				CLANG_WARN_UNREACHABLE_CODE = YES;
				CLANG_WARN__DUPLICATE_METHOD_MATCH = YES;
				COPY_PHASE_STRIP = NO;
				DEBUG_INFORMATION_FORMAT = dwarf;
				ENABLE_STRICT_OBJC_MSGSEND = YES;
				ENABLE_TESTABILITY = YES;
				GCC_C_LANGUAGE_STANDARD = gnu11;
				GCC_DYNAMIC_NO_PIC = NO;
				GCC_NO_COMMON_BLOCKS = YES;
				GCC_OPTIMIZATION_LEVEL = 0;
				GCC_PREPROCESSOR_DEFINITIONS = (
					"DEBUG=1",
					"$(inherited)",
				);
				GCC_WARN_64_TO_32_BIT_CONVERSION = YES;
				GCC_WARN_ABOUT_RETURN_TYPE = YES_ERROR;
				GCC_WARN_UNDECLARED_SELECTOR = YES;
				GCC_WARN_UNINITIALIZED_AUTOS = YES_AGGRESSIVE;
				GCC_WARN_UNUSED_FUNCTION = YES;
				GCC_WARN_UNUSED_VARIABLE = YES;
				IPHONEOS_DEPLOYMENT_TARGET = 14.5;
				MTL_ENABLE_DEBUG_INFO = INCLUDE_SOURCE;
				MTL_FAST_MATH = YES;
				ONLY_ACTIVE_ARCH = YES;
				SDKROOT = iphoneos;
				SWIFT_ACTIVE_COMPILATION_CONDITIONS = DEBUG;
				SWIFT_OPTIMIZATION_LEVEL = "-Onone";
			};
			name = Debug;
		};
		9291600526E1ED6F00542963 /* Release */ = {
			isa = XCBuildConfiguration;
			buildSettings = {
				ALWAYS_SEARCH_USER_PATHS = NO;
				CLANG_ANALYZER_NONNULL = YES;
				CLANG_ANALYZER_NUMBER_OBJECT_CONVERSION = YES_AGGRESSIVE;
				CLANG_CXX_LANGUAGE_STANDARD = "gnu++14";
				CLANG_CXX_LIBRARY = "libc++";
				CLANG_ENABLE_MODULES = YES;
				CLANG_ENABLE_OBJC_ARC = YES;
				CLANG_ENABLE_OBJC_WEAK = YES;
				CLANG_WARN_BLOCK_CAPTURE_AUTORELEASING = YES;
				CLANG_WARN_BOOL_CONVERSION = YES;
				CLANG_WARN_COMMA = YES;
				CLANG_WARN_CONSTANT_CONVERSION = YES;
				CLANG_WARN_DEPRECATED_OBJC_IMPLEMENTATIONS = YES;
				CLANG_WARN_DIRECT_OBJC_ISA_USAGE = YES_ERROR;
				CLANG_WARN_DOCUMENTATION_COMMENTS = YES;
				CLANG_WARN_EMPTY_BODY = YES;
				CLANG_WARN_ENUM_CONVERSION = YES;
				CLANG_WARN_INFINITE_RECURSION = YES;
				CLANG_WARN_INT_CONVERSION = YES;
				CLANG_WARN_NON_LITERAL_NULL_CONVERSION = YES;
				CLANG_WARN_OBJC_IMPLICIT_RETAIN_SELF = YES;
				CLANG_WARN_OBJC_LITERAL_CONVERSION = YES;
				CLANG_WARN_OBJC_ROOT_CLASS = YES_ERROR;
				CLANG_WARN_QUOTED_INCLUDE_IN_FRAMEWORK_HEADER = YES;
				CLANG_WARN_RANGE_LOOP_ANALYSIS = YES;
				CLANG_WARN_STRICT_PROTOTYPES = YES;
				CLANG_WARN_SUSPICIOUS_MOVE = YES;
				CLANG_WARN_UNGUARDED_AVAILABILITY = YES_AGGRESSIVE;
				CLANG_WARN_UNREACHABLE_CODE = YES;
				CLANG_WARN__DUPLICATE_METHOD_MATCH = YES;
				COPY_PHASE_STRIP = NO;
				DEBUG_INFORMATION_FORMAT = "dwarf-with-dsym";
				ENABLE_NS_ASSERTIONS = NO;
				ENABLE_STRICT_OBJC_MSGSEND = YES;
				GCC_C_LANGUAGE_STANDARD = gnu11;
				GCC_NO_COMMON_BLOCKS = YES;
				GCC_WARN_64_TO_32_BIT_CONVERSION = YES;
				GCC_WARN_ABOUT_RETURN_TYPE = YES_ERROR;
				GCC_WARN_UNDECLARED_SELECTOR = YES;
				GCC_WARN_UNINITIALIZED_AUTOS = YES_AGGRESSIVE;
				GCC_WARN_UNUSED_FUNCTION = YES;
				GCC_WARN_UNUSED_VARIABLE = YES;
				IPHONEOS_DEPLOYMENT_TARGET = 14.5;
				MTL_ENABLE_DEBUG_INFO = NO;
				MTL_FAST_MATH = YES;
				SDKROOT = iphoneos;
				SWIFT_COMPILATION_MODE = wholemodule;
				SWIFT_OPTIMIZATION_LEVEL = "-O";
				VALIDATE_PRODUCT = YES;
			};
			name = Release;
		};
		9291600726E1ED6F00542963 /* Debug */ = {
			isa = XCBuildConfiguration;
			buildSettings = {
				ASSETCATALOG_COMPILER_APPICON_NAME = AppIcon;
				ASSETCATALOG_COMPILER_GLOBAL_ACCENT_COLOR_NAME = AccentColor;
				CODE_SIGN_STYLE = Automatic;
				DEVELOPMENT_TEAM = PU64TS56AD;
				INFOPLIST_FILE = "Spotify-iOS/Info.plist";
				LD_RUNPATH_SEARCH_PATHS = (
					"$(inherited)",
					"@executable_path/Frameworks",
				);
				PRODUCT_BUNDLE_IDENTIFIER = "soyeon.Spotify-iOS";
				PRODUCT_NAME = "$(TARGET_NAME)";
				SWIFT_VERSION = 5.0;
				TARGETED_DEVICE_FAMILY = "1,2";
			};
			name = Debug;
		};
		9291600826E1ED6F00542963 /* Release */ = {
			isa = XCBuildConfiguration;
			buildSettings = {
				ASSETCATALOG_COMPILER_APPICON_NAME = AppIcon;
				ASSETCATALOG_COMPILER_GLOBAL_ACCENT_COLOR_NAME = AccentColor;
				CODE_SIGN_STYLE = Automatic;
				DEVELOPMENT_TEAM = PU64TS56AD;
				INFOPLIST_FILE = "Spotify-iOS/Info.plist";
				LD_RUNPATH_SEARCH_PATHS = (
					"$(inherited)",
					"@executable_path/Frameworks",
				);
				PRODUCT_BUNDLE_IDENTIFIER = "soyeon.Spotify-iOS";
				PRODUCT_NAME = "$(TARGET_NAME)";
				SWIFT_VERSION = 5.0;
				TARGETED_DEVICE_FAMILY = "1,2";
			};
			name = Release;
		};
/* End XCBuildConfiguration section */

/* Begin XCConfigurationList section */
		92915FED26E1ED6D00542963 /* Build configuration list for PBXProject "Spotify-iOS" */ = {
			isa = XCConfigurationList;
			buildConfigurations = (
				9291600426E1ED6F00542963 /* Debug */,
				9291600526E1ED6F00542963 /* Release */,
			);
			defaultConfigurationIsVisible = 0;
			defaultConfigurationName = Release;
		};
		9291600626E1ED6F00542963 /* Build configuration list for PBXNativeTarget "Spotify-iOS" */ = {
			isa = XCConfigurationList;
			buildConfigurations = (
				9291600726E1ED6F00542963 /* Debug */,
				9291600826E1ED6F00542963 /* Release */,
			);
			defaultConfigurationIsVisible = 0;
			defaultConfigurationName = Release;
		};
/* End XCConfigurationList section */
	};
	rootObject = 92915FEA26E1ED6D00542963 /* Project object */;
}
